Microsoft Visual Studio Solution File, Format Version 8.00
Project("{8BC9CEB8-8B4A-11D0-8D11-00A0C91BC942}") = "ALL_BUILD", "ALL_BUILD.vcproj", "{CC164C37-9E24-447B-8A45-C02575795C41}"
	ProjectSection(ProjectDependencies) = postProject
		{440DF87B-2495-4132-82B2-E6A5D2F40133} = {440DF87B-2495-4132-82B2-E6A5D2F40133}
	EndProjectSection
EndProject
Project("{8BC9CEB8-8B4A-11D0-8D11-00A0C91BC942}") = "INSTALL", "INSTALL.vcproj", "{5C45733E-4946-4202-8F37-129BBDD4926A}"
	ProjectSection(ProjectDependencies) = postProject
		{CC164C37-9E24-447B-8A45-C02575795C41} = {CC164C37-9E24-447B-8A45-C02575795C41}
	EndProjectSection
EndProject
Project("{8BC9CEB8-8B4A-11D0-8D11-00A0C91BC942}") = "freetype", "freetype.vcproj", "{440DF87B-2495-4132-82B2-E6A5D2F40133}"
	ProjectSection(ProjectDependencies) = postProject
	EndProjectSection
EndProject
Global
	GlobalSection(SolutionConfiguration) = preSolution
		Debug = Debug
		Release = Release
		MinSizeRel = MinSizeRel
		RelWithDebInfo = RelWithDebInfo
	EndGlobalSection
	GlobalSection(ProjectConfiguration) = postSolution
		{CC164C37-9E24-447B-8A45-C02575795C41}.Debug.ActiveCfg = Debug|Win32
		{CC164C37-9E24-447B-8A45-C02575795C41}.Debug.Build.0 = Debug|Win32
		{CC164C37-9E24-447B-8A45-C02575795C41}.Release.ActiveCfg = Release|Win32
		{CC164C37-9E24-447B-8A45-C02575795C41}.Release.Build.0 = Release|Win32
		{CC164C37-9E24-447B-8A45-C02575795C41}.MinSizeRel.ActiveCfg = MinSizeRel|Win32
		{CC164C37-9E24-447B-8A45-C02575795C41}.MinSizeRel.Build.0 = MinSizeRel|Win32
		{CC164C37-9E24-447B-8A45-C02575795C41}.RelWithDebInfo.ActiveCfg = RelWithDebInfo|Win32
		{CC164C37-9E24-447B-8A45-C02575795C41}.RelWithDebInfo.Build.0 = RelWithDebInfo|Win32
		{5C45733E-4946-4202-8F37-129BBDD4926A}.Debug.ActiveCfg = Debug|Win32
		{5C45733E-4946-4202-8F37-129BBDD4926A}.Release.ActiveCfg = Release|Win32
		{5C45733E-4946-4202-8F37-129BBDD4926A}.MinSizeRel.ActiveCfg = MinSizeRel|Win32
		{5C45733E-4946-4202-8F37-129BBDD4926A}.RelWithDebInfo.ActiveCfg = RelWithDebInfo|Win32
		{440DF87B-2495-4132-82B2-E6A5D2F40133}.Debug.ActiveCfg = Debug|Win32
		{440DF87B-2495-4132-82B2-E6A5D2F40133}.Debug.Build.0 = Debug|Win32
		{440DF87B-2495-4132-82B2-E6A5D2F40133}.Release.ActiveCfg = Release|Win32
		{440DF87B-2495-4132-82B2-E6A5D2F40133}.Release.Build.0 = Release|Win32
		{440DF87B-2495-4132-82B2-E6A5D2F40133}.MinSizeRel.ActiveCfg = MinSizeRel|Win32
		{440DF87B-2495-4132-82B2-E6A5D2F40133}.MinSizeRel.Build.0 = MinSizeRel|Win32
		{440DF87B-2495-4132-82B2-E6A5D2F40133}.RelWithDebInfo.ActiveCfg = RelWithDebInfo|Win32
		{440DF87B-2495-4132-82B2-E6A5D2F40133}.RelWithDebInfo.Build.0 = RelWithDebInfo|Win32
	EndGlobalSection
	GlobalSection(ExtensibilityGlobals) = postSolution
	EndGlobalSection
	GlobalSection(ExtensibilityAddIns) = postSolution
	EndGlobalSection
EndGlobal
