<?xml version="1.0" encoding="UTF-8" standalone="yes" ?>
<CodeBlocks_project_file>
	<FileVersion major="1" minor="6" />
	<Project>
		<Option title="BHAPI" />
		<Option pch_mode="2" />
		<Option compiler="clang" />
		<Build>
			<Target title="default">
				<Option output="BHAPI_DEV" prefix_auto="1" extension_auto="1" />
				<Option type="3" />
				<Option compiler="clang" />
				<Option createDefFile="1" />
				<Option createStaticLib="1" />
			</Target>
		</Build>
		<Compiler>
			<Add option="-DBUILDING_DLL=1" />
		</Compiler>
		<Unit filename="bhapi.cpp" />
		<Unit filename="bhapi.h" />
		<Unit filename="bhapi_global.h" />
		<Unit filename="src/AppKit.h" />
		<Unit filename="src/Be.h" />
		<Unit filename="src/InterfaceKit.h" />
		<Unit filename="src/KernelKit.h" />
		<Unit filename="src/NetKit.h" />
		<Unit filename="src/RenderKit.h" />
		<Unit filename="src/StorageKit.h" />
		<Unit filename="src/SupportKit.h" />
		<Unit filename="src/XmlKit.h" />
		<Unit filename="src/add-ons/font/FontEngine.cpp" />
		<Unit filename="src/add-ons/font/FontEngine.h" />
		<Unit filename="src/add-ons/font/FreeType2.cpp" />
		<Unit filename="src/add-ons/graphics/GraphicsEngine.cpp" />
		<Unit filename="src/add-ons/graphics/GraphicsEngine.h" />
		<Unit filename="src/add-ons/theme/DefaultTheme.cpp" />
		<Unit filename="src/add-ons/theme/ThemeEngine.cpp" />
		<Unit filename="src/add-ons/theme/ThemeEngine.h" />
		<Unit filename="src/app/AppDefs.h" />
		<Unit filename="src/app/Application.cpp" />
		<Unit filename="src/app/Application.h" />
		<Unit filename="src/app/Clipboard.cpp" />
		<Unit filename="src/app/Clipboard.h" />
		<Unit filename="src/app/Cursor.cpp" />
		<Unit filename="src/app/Cursor.h" />
		<Unit filename="src/app/Handler.cpp" />
		<Unit filename="src/app/Handler.h" />
		<Unit filename="src/app/Invoker.cpp" />
		<Unit filename="src/app/Invoker.h" />
		<Unit filename="src/app/Looper.cpp" />
		<Unit filename="src/app/Looper.h" />
		<Unit filename="src/app/Message.cpp" />
		<Unit filename="src/app/Message.h" />
		<Unit filename="src/app/MessageFilter.cpp" />
		<Unit filename="src/app/MessageFilter.h" />
		<Unit filename="src/app/MessageQueue.cpp" />
		<Unit filename="src/app/MessageQueue.h" />
		<Unit filename="src/app/MessageRunner.cpp" />
		<Unit filename="src/app/MessageRunner.h" />
		<Unit filename="src/app/Messenger.cpp" />
		<Unit filename="src/app/Messenger.h" />
		<Unit filename="src/interface/Alert.cpp" />
		<Unit filename="src/interface/Alert.h" />
		<Unit filename="src/interface/Bitmap.cpp" />
		<Unit filename="src/interface/Bitmap.h" />
		<Unit filename="src/interface/Box.cpp" />
		<Unit filename="src/interface/Box.h" />
		<Unit filename="src/interface/Button.cpp" />
		<Unit filename="src/interface/Button.h" />
		<Unit filename="src/interface/CheckBox.cpp" />
		<Unit filename="src/interface/CheckBox.h" />
		<Unit filename="src/interface/ColorControl.cpp" />
		<Unit filename="src/interface/ColorControl.h" />
		<Unit filename="src/interface/Control.cpp" />
		<Unit filename="src/interface/Control.h" />
		<Unit filename="src/interface/Font.cpp" />
		<Unit filename="src/interface/Font.h" />
		<Unit filename="src/interface/GraphicsDefs.cpp" />
		<Unit filename="src/interface/GraphicsDefs.h" />
		<Unit filename="src/interface/Input.h" />
		<Unit filename="src/interface/InterfaceDefs.h" />
		<Unit filename="src/interface/LimitedView.cpp" />
		<Unit filename="src/interface/LimitedView.h" />
		<Unit filename="src/interface/ListItem.cpp" />
		<Unit filename="src/interface/ListItem.h" />
		<Unit filename="src/interface/ListView.cpp" />
		<Unit filename="src/interface/ListView.h" />
		<Unit filename="src/interface/Menu.cpp" />
		<Unit filename="src/interface/Menu.h" />
		<Unit filename="src/interface/MenuBar.cpp" />
		<Unit filename="src/interface/MenuBar.h" />
		<Unit filename="src/interface/MenuField.cpp" />
		<Unit filename="src/interface/MenuField.h" />
		<Unit filename="src/interface/MenuItem.cpp" />
		<Unit filename="src/interface/MenuItem.h" />
		<Unit filename="src/interface/OutlineListView.cpp" />
		<Unit filename="src/interface/OutlineListView.h" />
		<Unit filename="src/interface/Point.cpp" />
		<Unit filename="src/interface/Point.h" />
		<Unit filename="src/interface/Polygon.cpp" />
		<Unit filename="src/interface/Polygon.h" />
		<Unit filename="src/interface/PopUpMenu.cpp" />
		<Unit filename="src/interface/PopUpMenu.h" />
		<Unit filename="src/interface/RadioButton.cpp" />
		<Unit filename="src/interface/RadioButton.h" />
		<Unit filename="src/interface/Rect.cpp" />
		<Unit filename="src/interface/Rect.h" />
		<Unit filename="src/interface/Region.cpp" />
		<Unit filename="src/interface/Region.h" />
		<Unit filename="src/interface/Screen.cpp" />
		<Unit filename="src/interface/Screen.h" />
		<Unit filename="src/interface/ScrollBar.cpp" />
		<Unit filename="src/interface/ScrollBar.h" />
		<Unit filename="src/interface/ScrollView.cpp" />
		<Unit filename="src/interface/ScrollView.h" />
		<Unit filename="src/interface/StatusBar.cpp" />
		<Unit filename="src/interface/StatusBar.h" />
		<Unit filename="src/interface/StringView.cpp" />
		<Unit filename="src/interface/StringView.h" />
		<Unit filename="src/interface/TabView.cpp" />
		<Unit filename="src/interface/TabView.h" />
		<Unit filename="src/interface/TextControl.cpp" />
		<Unit filename="src/interface/TextControl.h" />
		<Unit filename="src/interface/TextEditable.cpp" />
		<Unit filename="src/interface/TextEditable.h" />
		<Unit filename="src/interface/TextView.cpp" />
		<Unit filename="src/interface/TextView.h" />
		<Unit filename="src/interface/Theme.cpp" />
		<Unit filename="src/interface/ToolTip.cpp" />
		<Unit filename="src/interface/ToolTip.h" />
		<Unit filename="src/interface/View.cpp" />
		<Unit filename="src/interface/View.h" />
		<Unit filename="src/interface/ViewPrivate.h" />
		<Unit filename="src/interface/Window.cpp" />
		<Unit filename="src/interface/Window.h" />
		<Unit filename="src/interface/beos/BHAPI_wrapper_application.cpp" />
		<Unit filename="src/interface/beos/BHAPI_wrapper_beos-font.cpp" />
		<Unit filename="src/interface/beos/BHAPI_wrapper_beos-graphics.h" />
		<Unit filename="src/interface/beos/BHAPI_wrapper_drawing.cpp" />
		<Unit filename="src/interface/beos/BHAPI_wrapper_pixmap.cpp" />
		<Unit filename="src/interface/beos/BHAPI_wrapper_window.cpp" />
		<Unit filename="src/interface/carbon/BHAPI_wrapper_carbon.h" />
		<Unit filename="src/interface/directfb/BHAPI_wrapper_application.cpp" />
		<Unit filename="src/interface/directfb/BHAPI_wrapper_dfb-font.cpp" />
		<Unit filename="src/interface/directfb/BHAPI_wrapper_dfb.h" />
		<Unit filename="src/interface/directfb/BHAPI_wrapper_drawing.cpp" />
		<Unit filename="src/interface/directfb/BHAPI_wrapper_pixmap.cpp" />
		<Unit filename="src/interface/directfb/BHAPI_wrapper_window.cpp" />
		<Unit filename="src/interface/directfb/BHAPI_wrapper_wm.cpp" />
		<Unit filename="src/interface/layout/Layout.h" />
		<Unit filename="src/interface/layout/LayoutContainer.cpp" />
		<Unit filename="src/interface/layout/LayoutForm.cpp" />
		<Unit filename="src/interface/layout/LayoutItem.cpp" />
		<Unit filename="src/interface/win32/BHAPI_wrapper_application.cpp" />
		<Unit filename="src/interface/win32/BHAPI_wrapper_drawing.cpp" />
		<Unit filename="src/interface/win32/BHAPI_wrapper_pixmap.cpp" />
		<Unit filename="src/interface/win32/BHAPI_wrapper_win32-font.cpp" />
		<Unit filename="src/interface/win32/BHAPI_wrapper_win32gdi.h" />
		<Unit filename="src/interface/win32/BHAPI_wrapper_window.cpp" />
		<Unit filename="src/interface/wm/SimpleWM.cpp" />
		<Unit filename="src/interface/wm/SimpleWM.h" />
		<Unit filename="src/interface/x11/BHAPI_wrapper_application.cpp" />
		<Unit filename="src/interface/x11/BHAPI_wrapper_drawing.cpp" />
		<Unit filename="src/interface/x11/BHAPI_wrapper_pixmap.cpp" />
		<Unit filename="src/interface/x11/BHAPI_wrapper_window.cpp" />
		<Unit filename="src/interface/x11/BHAPI_wrapper_x11-font.cpp" />
		<Unit filename="src/interface/x11/BHAPI_wrapper_x11.h" />
		<Unit filename="src/kernel/Debug.cpp" />
		<Unit filename="src/kernel/Debug.h" />
		<Unit filename="src/kernel/Kernel.h" />
		<Unit filename="src/kernel/OS.h" />
		<Unit filename="src/kernel/beos/BHAPI_wrapper_area.cpp" />
		<Unit filename="src/kernel/beos/BHAPI_wrapper_image.cpp" />
		<Unit filename="src/kernel/beos/BHAPI_wrapper_os.cpp" />
		<Unit filename="src/kernel/beos/BHAPI_wrapper_timefuncs.cpp" />
		<Unit filename="src/kernel/BHAPI_wrapper_port.cpp" />
		<Unit filename="src/kernel/thread/beos/BHAPI_wrapper_locker.cpp" />
		<Unit filename="src/kernel/thread/beos/BHAPI_wrapper_semaphore.cpp" />
		<Unit filename="src/kernel/thread/beos/BHAPI_wrapper_thread.cpp" />
		<Unit filename="src/kernel/thread/posix/BHAPI_wrapper_locker.cpp" />
		<Unit filename="src/kernel/thread/posix/BHAPI_wrapper_semaphore-mach.cpp" />
		<Unit filename="src/kernel/thread/posix/BHAPI_wrapper_semaphore-umtx.cpp" />
		<Unit filename="src/kernel/thread/posix/BHAPI_wrapper_semaphore.cpp" />
		<Unit filename="src/kernel/thread/posix/BHAPI_wrapper_thread.cpp" />
		<Unit filename="src/kernel/thread/win32/BHAPI_wrapper_locker.cpp" />
		<Unit filename="src/kernel/thread/win32/BHAPI_wrapper_semaphore.cpp" />
		<Unit filename="src/kernel/thread/win32/BHAPI_wrapper_thread.cpp" />
		<Unit filename="src/kernel/unix/BHAPI_wrapper_area.cpp" />
		<Unit filename="src/kernel/unix/BHAPI_wrapper_image.cpp" />
		<Unit filename="src/kernel/unix/BHAPI_wrapper_os.cpp" />
		<Unit filename="src/kernel/unix/BHAPI_wrapper_timefuncs.cpp" />
		<Unit filename="src/kernel/win32/BHAPI_wrapper_area.cpp" />
		<Unit filename="src/kernel/win32/BHAPI_wrapper_image.cpp" />
		<Unit filename="src/kernel/win32/BHAPI_wrapper_os.cpp" />
		<Unit filename="src/kernel/win32/BHAPI_wrapper_timefuncs.cpp" />
		<Unit filename="src/net/NetAddress.cpp" />
		<Unit filename="src/net/NetAddress.h" />
		<Unit filename="src/net/NetBuffer.cpp" />
		<Unit filename="src/net/NetBuffer.h" />
		<Unit filename="src/net/NetDebug.cpp" />
		<Unit filename="src/net/NetDebug.h" />
		<Unit filename="src/net/NetEndpoint.cpp" />
		<Unit filename="src/net/NetEndpoint.h" />
		<Unit filename="src/private/Memory.cpp" />
		<Unit filename="src/private/Memory.h" />
		<Unit filename="src/private/MessageBody.cpp" />
		<Unit filename="src/private/MessageBody.h" />
		<Unit filename="src/private/Object.cpp" />
		<Unit filename="src/private/Object.h" />
		<Unit filename="src/private/PrivateApplication.cpp" />
		<Unit filename="src/private/PrivateApplication.h" />
		<Unit filename="src/private/PrivateHandler.cpp" />
		<Unit filename="src/private/PrivateHandler.h" />
		<Unit filename="src/private/StandardIO.cpp" />
		<Unit filename="src/private/StandardIO.h" />
		<Unit filename="src/private/Token.cpp" />
		<Unit filename="src/private/Token.h" />
		<Unit filename="src/render/ArcGenerator.cpp" />
		<Unit filename="src/render/ArcGenerator.h" />
		<Unit filename="src/render/LineGenerator.cpp" />
		<Unit filename="src/render/LineGenerator.h" />
		<Unit filename="src/render/Pixmap.cpp" />
		<Unit filename="src/render/Pixmap.h" />
		<Unit filename="src/render/Render.cpp" />
		<Unit filename="src/render/Render.h" />
		<Unit filename="src/storage/Directory.cpp" />
		<Unit filename="src/storage/Directory.h" />
		<Unit filename="src/storage/Entry.cpp" />
		<Unit filename="src/storage/Entry.h" />
		<Unit filename="src/storage/File.cpp" />
		<Unit filename="src/storage/File.h" />
		<Unit filename="src/storage/FilePanel.cpp" />
		<Unit filename="src/storage/FilePanel.h" />
		<Unit filename="src/storage/FindDirectory.cpp" />
		<Unit filename="src/storage/FindDirectory.h" />
		<Unit filename="src/storage/Node.cpp" />
		<Unit filename="src/storage/Node.h" />
		<Unit filename="src/storage/Path.cpp" />
		<Unit filename="src/storage/Path.h" />
		<Unit filename="src/storage/StorageDefs.h" />
		<Unit filename="src/storage/Volume.cpp" />
		<Unit filename="src/storage/Volume.h" />
		<Unit filename="src/storage/VolumeRoster.cpp" />
		<Unit filename="src/storage/VolumeRoster.h" />
		<Unit filename="src/support/Archivable.cpp" />
		<Unit filename="src/support/Archivable.h" />
		<Unit filename="src/support/Autolock.h" />
		<Unit filename="src/support/ByteOrder.c">
			<Option compilerVar="CC" />
		</Unit>
		<Unit filename="src/support/ByteOrder.h" />
		<Unit filename="src/support/ClassInfo.h" />
		<Unit filename="src/support/DataIO.cpp" />
		<Unit filename="src/support/DataIO.h" />
		<Unit filename="src/support/Errors.h" />
		<Unit filename="src/support/Flattenable.cpp" />
		<Unit filename="src/support/Flattenable.h" />
		<Unit filename="src/support/List.cpp" />
		<Unit filename="src/support/List.h" />
		<Unit filename="src/support/Locker.cpp" />
		<Unit filename="src/support/Locker.h" />
		<Unit filename="src/support/SimpleLocker.cpp" />
		<Unit filename="src/support/SimpleLocker.h" />
		<Unit filename="src/support/StreamIO.cpp" />
		<Unit filename="src/support/StreamIO.h" />
		<Unit filename="src/support/StringArray.cpp" />
		<Unit filename="src/support/StringArray.h" />
		<Unit filename="src/support/StringMe.cpp" />
		<Unit filename="src/support/StringMe.h" />
		<Unit filename="src/support/SupportDefs.h" />
		<Unit filename="src/xml/SimpleXmlParser.cpp" />
		<Unit filename="src/xml/SimpleXmlParser.h" />
		<Unit filename="tools/etkxx-doc.cpp" />
		<Extensions>
			<code_completion />
			<envvars />
			<debugger />
			<lib_finder disable_auto="1" />
		</Extensions>
	</Project>
</CodeBlocks_project_file>
