<?xml version="1.0" encoding="UTF-8" standalone="yes" ?>
<CodeBlocks_project_file>
	<FileVersion major="1" minor="6" />
	<Project>
		<Option title="BHAPI" />
		<Option pch_mode="2" />
		<Option compiler="clang" />
		<Build>
			<Target title="default">
				<Option output="BHAPI_DEV" prefix_auto="1" extension_auto="1" />
				<Option type="3" />
				<Option compiler="clang" />
				<Option createDefFile="1" />
				<Option createStaticLib="1" />
				<Compiler>
					<Add option="-Wall" />
					<Add option="-m32" />
					<Add option="-DBHAPI_OS_WIN32" />
					<Add directory="../../x86_libraries" />
					<Add directory="src" />
					<Add directory="src/libs/libc++" />
				</Compiler>
				<Linker>
					<Add option="-m32" />
				</Linker>
			</Target>
		</Build>
		<Compiler>
			<Add option="-m32" />
			<Add option="-DBUILDING_DLL=1" />
			<Add option="-DBHAPI_BUILD_LIBRARY" />
			<Add option="-D__INTEL__" />
			<Add directory="src" />
			<Add directory="src/kits" />
		</Compiler>
		<Linker>
			<Add option="-m32" />
		</Linker>
		<Unit filename="bhapi.cpp" />
		<Unit filename="bhapi.h" />
		<Unit filename="bhapi_global.h" />
		<Unit filename="src/haiku/Architecture.cpp" />
		<Unit filename="src/haiku/NodeRef.h" />
		<Unit filename="src/haiku/PathBuffer.h" />
		<Unit filename="src/haiku/arch/arm/byteorder.S" />
		<Unit filename="src/haiku/arch/arm/stack_frame.c">
			<Option compilerVar="CC" />
		</Unit>
		<Unit filename="src/haiku/arch/arm/stdatomic.c">
			<Option compilerVar="CC" />
		</Unit>
		<Unit filename="src/haiku/arch/arm/system_time.c">
			<Option compilerVar="CC" />
		</Unit>
		<Unit filename="src/haiku/arch/arm/thread.c">
			<Option compilerVar="CC" />
		</Unit>
		<Unit filename="src/haiku/arch/arm/time.c">
			<Option compilerVar="CC" />
		</Unit>
		<Unit filename="src/haiku/arch/arm/tls.c">
			<Option compilerVar="CC" />
		</Unit>
		<Unit filename="src/haiku/arch/generic/generic_atomic.cpp" />
		<Unit filename="src/haiku/arch/generic/generic_system_time_nsecs.cpp" />
		<Unit filename="src/haiku/arch/m68k/atomic.S" />
		<Unit filename="src/haiku/arch/m68k/byteorder.S" />
		<Unit filename="src/haiku/arch/m68k/compatibility.c">
			<Option compilerVar="CC" />
		</Unit>
		<Unit filename="src/haiku/arch/m68k/stack_frame.c">
			<Option compilerVar="CC" />
		</Unit>
		<Unit filename="src/haiku/arch/m68k/system_time.c">
			<Option compilerVar="CC" />
		</Unit>
		<Unit filename="src/haiku/arch/m68k/system_time_asm.S" />
		<Unit filename="src/haiku/arch/m68k/thread.c">
			<Option compilerVar="CC" />
		</Unit>
		<Unit filename="src/haiku/arch/m68k/time.c">
			<Option compilerVar="CC" />
		</Unit>
		<Unit filename="src/haiku/arch/m68k/tls.c">
			<Option compilerVar="CC" />
		</Unit>
		<Unit filename="src/haiku/arch/ppc/atomic.S" />
		<Unit filename="src/haiku/arch/ppc/byteorder.S" />
		<Unit filename="src/haiku/arch/ppc/compatibility.c">
			<Option compilerVar="CC" />
		</Unit>
		<Unit filename="src/haiku/arch/ppc/stack_frame.c">
			<Option compilerVar="CC" />
		</Unit>
		<Unit filename="src/haiku/arch/ppc/system_time.c">
			<Option compilerVar="CC" />
		</Unit>
		<Unit filename="src/haiku/arch/ppc/system_time_asm.S" />
		<Unit filename="src/haiku/arch/ppc/thread.c">
			<Option compilerVar="CC" />
		</Unit>
		<Unit filename="src/haiku/arch/ppc/time.c">
			<Option compilerVar="CC" />
		</Unit>
		<Unit filename="src/haiku/arch/ppc/tls.c">
			<Option compilerVar="CC" />
		</Unit>
		<Unit filename="src/haiku/arch/x86/atomic.S" />
		<Unit filename="src/haiku/arch/x86/byteorder.S" />
		<Unit filename="src/haiku/arch/x86/compatibility.c">
			<Option compilerVar="CC" />
		</Unit>
		<Unit filename="src/haiku/arch/x86/get_stack_frame.S" />
		<Unit filename="src/haiku/arch/x86/system_info.c">
			<Option compilerVar="CC" />
		</Unit>
		<Unit filename="src/haiku/arch/x86/system_time.c">
			<Option compilerVar="CC" />
		</Unit>
		<Unit filename="src/haiku/arch/x86/system_time_asm.S" />
		<Unit filename="src/haiku/arch/x86/thread.c">
			<Option compilerVar="CC" />
		</Unit>
		<Unit filename="src/haiku/arch/x86/time.cpp" />
		<Unit filename="src/haiku/arch/x86/tls.c">
			<Option compilerVar="CC" />
		</Unit>
		<Unit filename="src/haiku/arch/x86_64/byteorder.S" />
		<Unit filename="src/haiku/arch/x86_64/get_stack_frame.S" />
		<Unit filename="src/haiku/arch/x86_64/system_info.cpp" />
		<Unit filename="src/haiku/arch/x86_64/system_time.cpp" />
		<Unit filename="src/haiku/arch/x86_64/thread.cpp" />
		<Unit filename="src/haiku/arch/x86_64/time.cpp" />
		<Unit filename="src/haiku/arch/x86_64/tls.cpp" />
		<Unit filename="src/haiku/arch/x86_common/stack_trace.cpp" />
		<Unit filename="src/haiku/area.c">
			<Option compilerVar="CC" />
		</Unit>
		<Unit filename="src/haiku/atomic.c">
			<Option compilerVar="CC" />
		</Unit>
		<Unit filename="src/haiku/atomic.cpp" />
		<Unit filename="src/haiku/byteorder.cpp" />
		<Unit filename="src/haiku/debug.c">
			<Option compilerVar="CC" />
		</Unit>
		<Unit filename="src/haiku/disk_scanner.cpp" />
		<Unit filename="src/haiku/driver_settings.cpp" />
		<Unit filename="src/haiku/errors.cpp" />
		<Unit filename="src/haiku/extended_system_info.cpp" />
		<Unit filename="src/haiku/find_directory.cpp" />
		<Unit filename="src/haiku/find_paths.cpp" />
		<Unit filename="src/haiku/fs.cpp" />
		<Unit filename="src/haiku/fs_attr.cpp" />
		<Unit filename="src/haiku/fs_attr_bsdxattr.h" />
		<Unit filename="src/haiku/fs_attr_extattr.h" />
		<Unit filename="src/haiku/fs_attr_generic.cpp" />
		<Unit filename="src/haiku/fs_attr_untyped.cpp" />
		<Unit filename="src/haiku/fs_attr_xattr.h" />
		<Unit filename="src/haiku/fs_darwin.cpp" />
		<Unit filename="src/haiku/fs_descriptors.cpp" />
		<Unit filename="src/haiku/fs_descriptors.h" />
		<Unit filename="src/haiku/fs_freebsd.cpp" />
		<Unit filename="src/haiku/fs_freebsd.h" />
		<Unit filename="src/haiku/fs_impl.h" />
		<Unit filename="src/haiku/fs_index.c">
			<Option compilerVar="CC" />
		</Unit>
		<Unit filename="src/haiku/fs_info.c">
			<Option compilerVar="CC" />
		</Unit>
		<Unit filename="src/haiku/fs_query.cpp" />
		<Unit filename="src/haiku/fs_volume.c">
			<Option compilerVar="CC" />
		</Unit>
		<Unit filename="src/haiku/function_remapper.cpp" />
		<Unit filename="src/haiku/image.cpp" />
		<Unit filename="src/haiku/launch.cpp" />
		<Unit filename="src/haiku/locks/init_once.cpp" />
		<Unit filename="src/haiku/locks/mutex.cpp" />
		<Unit filename="src/haiku/locks/recursive_lock.cpp" />
		<Unit filename="src/haiku/locks/rw_lock.cpp" />
		<Unit filename="src/haiku/memory.cpp" />
		<Unit filename="src/haiku/misc.cpp" />
		<Unit filename="src/haiku/parsedate.cpp" />
		<Unit filename="src/haiku/port.c">
			<Option compilerVar="CC" />
		</Unit>
		<Unit filename="src/haiku/remapped_functions.h" />
		<Unit filename="src/haiku/scheduler.c">
			<Option compilerVar="CC" />
		</Unit>
		<Unit filename="src/haiku/sem.c">
			<Option compilerVar="CC" />
		</Unit>
		<Unit filename="src/haiku/sem.cpp" />
		<Unit filename="src/haiku/syscalls.S" />
		<Unit filename="src/haiku/syscalls.cpp" />
		<Unit filename="src/haiku/system_info.cpp" />
		<Unit filename="src/haiku/system_revision.c">
			<Option compilerVar="CC" />
		</Unit>
		<Unit filename="src/haiku/team.c">
			<Option compilerVar="CC" />
		</Unit>
		<Unit filename="src/haiku/thread.c">
			<Option compilerVar="CC" />
		</Unit>
		<Unit filename="src/haiku/thread.cpp" />
		<Unit filename="src/haiku/time.cpp" />
		<Unit filename="src/haiku/wait_for_objects.cpp" />
		<Unit filename="src/kits/AppKit.h" />
		<Unit filename="src/kits/Be.1489058397.h" />
		<Unit filename="src/kits/Be.1489087719.h" />
		<Unit filename="src/kits/Be.cpp" />
		<Unit filename="src/kits/Be.h" />
		<Unit filename="src/kits/DeviceKit.h" />
		<Unit filename="src/kits/GameKit.h" />
		<Unit filename="src/kits/InterfaceKit.h" />
		<Unit filename="src/kits/KernelKit.h" />
		<Unit filename="src/kits/LocaleKit.h" />
		<Unit filename="src/kits/MailKit.h" />
		<Unit filename="src/kits/MediaKit.h" />
		<Unit filename="src/kits/MidiKit.h" />
		<Unit filename="src/kits/NetKit.h" />
		<Unit filename="src/kits/NetworkKit.h" />
		<Unit filename="src/kits/RenderKit.h" />
		<Unit filename="src/kits/StorageKit.h" />
		<Unit filename="src/kits/SupportKit.h" />
		<Unit filename="src/kits/TranslationKit.h" />
		<Unit filename="src/kits/XmlKit.h" />
		<Unit filename="src/kits/add-ons/font/FontEngine.cpp" />
		<Unit filename="src/kits/add-ons/font/FontEngine.h" />
		<Unit filename="src/kits/add-ons/font/FreeType2.cpp" />
		<Unit filename="src/kits/add-ons/graphics/Accelerant.h" />
		<Unit filename="src/kits/add-ons/graphics/GraphicsCard.h" />
		<Unit filename="src/kits/add-ons/graphics/GraphicsEngine.cpp" />
		<Unit filename="src/kits/add-ons/graphics/GraphicsEngine.h" />
		<Unit filename="src/kits/add-ons/input_server/InputServerDevice.h" />
		<Unit filename="src/kits/add-ons/input_server/InputServerFilter.h" />
		<Unit filename="src/kits/add-ons/input_server/InputServerMethod.h" />
		<Unit filename="src/kits/add-ons/mail_daemon/MailFilter.h" />
		<Unit filename="src/kits/add-ons/mail_daemon/MailProtocol.h" />
		<Unit filename="src/kits/add-ons/mail_daemon/MailSettingsView.h" />
		<Unit filename="src/kits/add-ons/network_settings/NetworkProfile.h" />
		<Unit filename="src/kits/add-ons/network_settings/NetworkSettings.h" />
		<Unit filename="src/kits/add-ons/network_settings/NetworkSettingsAddOn.h" />
		<Unit filename="src/kits/add-ons/registrar/MimeSnifferAddon.h" />
		<Unit filename="src/kits/add-ons/screen_saver/ScreenSaver.h" />
		<Unit filename="src/kits/add-ons/theme/DefaultTheme.cpp" />
		<Unit filename="src/kits/add-ons/theme/ThemeEngine.cpp" />
		<Unit filename="src/kits/add-ons/theme/ThemeEngine.h" />
		<Unit filename="src/kits/add-ons/tracker/TrackerAddOn.h" />
		<Unit filename="src/kits/app/AppDefs.h" />
		<Unit filename="src/kits/app/Application.cpp" />
		<Unit filename="src/kits/app/Application.h" />
		<Unit filename="src/kits/app/Clipboard.cpp" />
		<Unit filename="src/kits/app/Clipboard.h" />
		<Unit filename="src/kits/app/Cursor.cpp" />
		<Unit filename="src/kits/app/Cursor.h" />
		<Unit filename="src/kits/app/Handler.cpp" />
		<Unit filename="src/kits/app/Handler.h" />
		<Unit filename="src/kits/app/Invoker.cpp" />
		<Unit filename="src/kits/app/Invoker.h" />
		<Unit filename="src/kits/app/Key.h" />
		<Unit filename="src/kits/app/KeyStore.h" />
		<Unit filename="src/kits/app/Looper.cpp" />
		<Unit filename="src/kits/app/Looper.h" />
		<Unit filename="src/kits/app/Message.cpp" />
		<Unit filename="src/kits/app/Message.h" />
		<Unit filename="src/kits/app/MessageFilter.cpp" />
		<Unit filename="src/kits/app/MessageFilter.h" />
		<Unit filename="src/kits/app/MessageQueue.cpp" />
		<Unit filename="src/kits/app/MessageQueue.h" />
		<Unit filename="src/kits/app/MessageRunner.cpp" />
		<Unit filename="src/kits/app/MessageRunner.h" />
		<Unit filename="src/kits/app/Messenger.cpp" />
		<Unit filename="src/kits/app/Messenger.h" />
		<Unit filename="src/kits/app/Notification.h" />
		<Unit filename="src/kits/app/PropertyInfo.h" />
		<Unit filename="src/kits/app/Roster.h" />
		<Unit filename="src/kits/app/link_message.h" />
		<Unit filename="src/kits/arch/arm/arch_debugger.h" />
		<Unit filename="src/kits/arch/m68k/arch_debugger.h" />
		<Unit filename="src/kits/arch/mipsel/arch_debugger.h" />
		<Unit filename="src/kits/arch/ppc/arch_debugger.h" />
		<Unit filename="src/kits/arch/x86/arch_debugger.h" />
		<Unit filename="src/kits/arch/x86_64/arch_debugger.h" />
		<Unit filename="src/kits/bluetooth/BluetoothDevice.h" />
		<Unit filename="src/kits/bluetooth/DeviceClass.h" />
		<Unit filename="src/kits/bluetooth/DiscoveryAgent.h" />
		<Unit filename="src/kits/bluetooth/DiscoveryListener.h" />
		<Unit filename="src/kits/bluetooth/HCI/btHCI.h" />
		<Unit filename="src/kits/bluetooth/HCI/btHCI_acl.h" />
		<Unit filename="src/kits/bluetooth/HCI/btHCI_command.h" />
		<Unit filename="src/kits/bluetooth/HCI/btHCI_event.h" />
		<Unit filename="src/kits/bluetooth/HCI/btHCI_sco.h" />
		<Unit filename="src/kits/bluetooth/HCI/btHCI_transport.h" />
		<Unit filename="src/kits/bluetooth/KitSupport.h" />
		<Unit filename="src/kits/bluetooth/L2CAP/btL2CAP.h" />
		<Unit filename="src/kits/bluetooth/LinkKeyUtils.h" />
		<Unit filename="src/kits/bluetooth/LocalDevice.h" />
		<Unit filename="src/kits/bluetooth/LocalDeviceAddOn.h" />
		<Unit filename="src/kits/bluetooth/RemoteDevice.h" />
		<Unit filename="src/kits/bluetooth/bdaddrUtils.h" />
		<Unit filename="src/kits/bluetooth/bluetooth.h" />
		<Unit filename="src/kits/bluetooth/bluetooth_error.h" />
		<Unit filename="src/kits/debug/SymbolLookup.h" />
		<Unit filename="src/kits/debug/arch/arch_debug_support.h" />
		<Unit filename="src/kits/debug/image.h" />
		<Unit filename="src/kits/debugger/arch/InstructionInfo.h" />
		<Unit filename="src/kits/debugger/arch/RegisterMap.h" />
		<Unit filename="src/kits/debugger/arch/x86/ArchitectureX86.h" />
		<Unit filename="src/kits/debugger/arch/x86/CpuStateX86.h" />
		<Unit filename="src/kits/debugger/arch/x86/disasm/DisassemblerX86.h" />
		<Unit filename="src/kits/debugger/arch/x86_64/ArchitectureX8664.h" />
		<Unit filename="src/kits/debugger/arch/x86_64/CpuStateX8664.h" />
		<Unit filename="src/kits/debugger/arch/x86_64/disasm/DisassemblerX8664.h" />
		<Unit filename="src/kits/debugger/controllers/DebugReportGenerator.h" />
		<Unit filename="src/kits/debugger/debug_info/BasicFunctionDebugInfo.h" />
		<Unit filename="src/kits/debugger/debug_info/DebuggerImageDebugInfo.h" />
		<Unit filename="src/kits/debugger/debug_info/DebuggerTeamDebugInfo.h" />
		<Unit filename="src/kits/debugger/debug_info/DwarfFunctionDebugInfo.h" />
		<Unit filename="src/kits/debugger/debug_info/DwarfImageDebugInfo.h" />
		<Unit filename="src/kits/debugger/debug_info/DwarfImageDebugInfoLoadingState.h" />
		<Unit filename="src/kits/debugger/debug_info/DwarfStackFrameDebugInfo.h" />
		<Unit filename="src/kits/debugger/debug_info/DwarfTeamDebugInfo.h" />
		<Unit filename="src/kits/debugger/debug_info/DwarfTypeFactory.h" />
		<Unit filename="src/kits/debugger/debug_info/DwarfTypes.h" />
		<Unit filename="src/kits/debugger/debug_info/ImageDebugInfoLoadingState.h" />
		<Unit filename="src/kits/debugger/debug_info/ImageDebugLoadingStateHandler.h" />
		<Unit filename="src/kits/debugger/debug_info/ImageDebugLoadingStateHandlerRoster.h" />
		<Unit filename="src/kits/debugger/debug_info/NoOpStackFrameDebugInfo.h" />
		<Unit filename="src/kits/debugger/debug_info/SpecificImageDebugInfoLoadingState.h" />
		<Unit filename="src/kits/debugger/debug_info/loading_state_handlers/DwarfLoadingStateHandler.h" />
		<Unit filename="src/kits/debugger/debug_managers/BreakpointManager.h" />
		<Unit filename="src/kits/debugger/debug_managers/TeamMemoryBlockManager.h" />
		<Unit filename="src/kits/debugger/debug_managers/WatchpointManager.h" />
		<Unit filename="src/kits/debugger/debugger_interface/DebugEvent.h" />
		<Unit filename="src/kits/debugger/debugger_interface/DebuggerInterface.h" />
		<Unit filename="src/kits/debugger/debugger_interface/core/CoreFileDebuggerInterface.h" />
		<Unit filename="src/kits/debugger/debugger_interface/local/LocalDebuggerInterface.h" />
		<Unit filename="src/kits/debugger/debugger_interface/remote/RemoteDebugRequest.h" />
		<Unit filename="src/kits/debugger/demangler/Demangler.h" />
		<Unit filename="src/kits/debugger/dwarf/AbbreviationTable.h" />
		<Unit filename="src/kits/debugger/dwarf/AttributeClasses.h" />
		<Unit filename="src/kits/debugger/dwarf/AttributeValue.h" />
		<Unit filename="src/kits/debugger/dwarf/BaseUnit.h" />
		<Unit filename="src/kits/debugger/dwarf/CfaContext.h" />
		<Unit filename="src/kits/debugger/dwarf/CfaRule.h" />
		<Unit filename="src/kits/debugger/dwarf/CfaRuleSet.h" />
		<Unit filename="src/kits/debugger/dwarf/CompilationUnit.h" />
		<Unit filename="src/kits/debugger/dwarf/DataReader.h" />
		<Unit filename="src/kits/debugger/dwarf/DebugInfoEntries.h" />
		<Unit filename="src/kits/debugger/dwarf/DebugInfoEntry.h" />
		<Unit filename="src/kits/debugger/dwarf/Dwarf.h" />
		<Unit filename="src/kits/debugger/dwarf/DwarfExpressionEvaluator.h" />
		<Unit filename="src/kits/debugger/dwarf/DwarfFile.h" />
		<Unit filename="src/kits/debugger/dwarf/DwarfFileLoadingState.h" />
		<Unit filename="src/kits/debugger/dwarf/DwarfManager.h" />
		<Unit filename="src/kits/debugger/dwarf/DwarfTargetInterface.h" />
		<Unit filename="src/kits/debugger/dwarf/DwarfUtils.h" />
		<Unit filename="src/kits/debugger/dwarf/LineNumberProgram.h" />
		<Unit filename="src/kits/debugger/dwarf/SourceLanguageInfo.h" />
		<Unit filename="src/kits/debugger/dwarf/TagNames.h" />
		<Unit filename="src/kits/debugger/dwarf/TypeUnit.h" />
		<Unit filename="src/kits/debugger/elf/CoreFile.h" />
		<Unit filename="src/kits/debugger/elf/ElfSymbolLookup.h" />
		<Unit filename="src/kits/debugger/files/FileManager.h" />
		<Unit filename="src/kits/debugger/jobs/Jobs.h" />
		<Unit filename="src/kits/debugger/settings/BreakpointSetting.h" />
		<Unit filename="src/kits/debugger/settings/NoOpSettingsManager.h" />
		<Unit filename="src/kits/debugger/settings/TeamFileManagerSettings.h" />
		<Unit filename="src/kits/debugger/settings/TeamSignalSettings.h" />
		<Unit filename="src/kits/debugger/source_language/UnsupportedLanguage.h" />
		<Unit filename="src/kits/debugger/source_language/c_family/CLanguage.h" />
		<Unit filename="src/kits/debugger/source_language/c_family/CLanguageExpressionEvaluator.h" />
		<Unit filename="src/kits/debugger/source_language/c_family/CLanguageFamilySyntaxHighlightInfo.h" />
		<Unit filename="src/kits/debugger/source_language/c_family/CLanguageFamilySyntaxHighlighter.h" />
		<Unit filename="src/kits/debugger/source_language/c_family/CLanguageTokenizer.h" />
		<Unit filename="src/kits/debugger/source_language/x86/X86AssemblyLanguage.h" />
		<Unit filename="src/kits/debugger/target_host_interface/local/LocalTargetHostInterface.h" />
		<Unit filename="src/kits/debugger/target_host_interface/local/LocalTargetHostInterfaceInfo.h" />
		<Unit filename="src/kits/debugger/util/ArchivingUtils.h" />
		<Unit filename="src/kits/debugger/util/BitBuffer.h" />
		<Unit filename="src/kits/debugger/value/ValueLoader.h" />
		<Unit filename="src/kits/debugger/value/ValueWriter.h" />
		<Unit filename="src/kits/debugger/value/type_handlers/BListTypeHandler.h" />
		<Unit filename="src/kits/debugger/value/type_handlers/BMessageTypeHandler.h" />
		<Unit filename="src/kits/debugger/value/type_handlers/CStringTypeHandler.h" />
		<Unit filename="src/kits/device/A2D.h" />
		<Unit filename="src/kits/device/CAM.h" />
		<Unit filename="src/kits/device/D2A.h" />
		<Unit filename="src/kits/device/DigitalPort.h" />
		<Unit filename="src/kits/device/Joystick.h" />
		<Unit filename="src/kits/device/SerialPort.h" />
		<Unit filename="src/kits/device/USBKit.h" />
		<Unit filename="src/kits/device/graphic_driver.h" />
		<Unit filename="src/kits/device/scsi.h" />
		<Unit filename="src/kits/device/scsi_bus_raw_driver.h" />
		<Unit filename="src/kits/drivers/ACPI.h" />
		<Unit filename="src/kits/drivers/Drivers.h" />
		<Unit filename="src/kits/drivers/ISA.h" />
		<Unit filename="src/kits/drivers/KernelExport.h" />
		<Unit filename="src/kits/drivers/PCI.h" />
		<Unit filename="src/kits/drivers/PCI_x86.h" />
		<Unit filename="src/kits/drivers/Select.h" />
		<Unit filename="src/kits/drivers/USB.h" />
		<Unit filename="src/kits/drivers/USB2.h" />
		<Unit filename="src/kits/drivers/USB3.h" />
		<Unit filename="src/kits/drivers/USB_printer.h" />
		<Unit filename="src/kits/drivers/USB_rle.h" />
		<Unit filename="src/kits/drivers/USB_spec.h" />
		<Unit filename="src/kits/drivers/atomizer.h" />
		<Unit filename="src/kits/drivers/bios.h" />
		<Unit filename="src/kits/drivers/bus/ATA.h" />
		<Unit filename="src/kits/drivers/bus/FDT.h" />
		<Unit filename="src/kits/drivers/bus/IDE.h" />
		<Unit filename="src/kits/drivers/bus/ISA.h" />
		<Unit filename="src/kits/drivers/bus/PCI.h" />
		<Unit filename="src/kits/drivers/bus/SCSI.h" />
		<Unit filename="src/kits/drivers/bus_manager.h" />
		<Unit filename="src/kits/drivers/config_manager.h" />
		<Unit filename="src/kits/drivers/cpufreq.h" />
		<Unit filename="src/kits/drivers/cpuidle.h" />
		<Unit filename="src/kits/drivers/device_manager.h" />
		<Unit filename="src/kits/drivers/disk_device_manager.h" />
		<Unit filename="src/kits/drivers/dpc.h" />
		<Unit filename="src/kits/drivers/driver_settings.h" />
		<Unit filename="src/kits/drivers/fs_cache.h" />
		<Unit filename="src/kits/drivers/fs_interface.h" />
		<Unit filename="src/kits/drivers/interrupt_controller.h" />
		<Unit filename="src/kits/drivers/io_requests.h" />
		<Unit filename="src/kits/drivers/isapnp.h" />
		<Unit filename="src/kits/drivers/locked_pool.h" />
		<Unit filename="src/kits/drivers/midi_driver.h" />
		<Unit filename="src/kits/drivers/mime_table.h" />
		<Unit filename="src/kits/drivers/module.h" />
		<Unit filename="src/kits/drivers/pcmcia/bulkmem.h" />
		<Unit filename="src/kits/drivers/pcmcia/bus_ops.h" />
		<Unit filename="src/kits/drivers/pcmcia/cb_enabler.h" />
		<Unit filename="src/kits/drivers/pcmcia/cisreg.h" />
		<Unit filename="src/kits/drivers/pcmcia/cistpl.h" />
		<Unit filename="src/kits/drivers/pcmcia/config.h" />
		<Unit filename="src/kits/drivers/pcmcia/cs.h" />
		<Unit filename="src/kits/drivers/pcmcia/cs_timer.h" />
		<Unit filename="src/kits/drivers/pcmcia/cs_types.h" />
		<Unit filename="src/kits/drivers/pcmcia/driver_ops.h" />
		<Unit filename="src/kits/drivers/pcmcia/ds.h" />
		<Unit filename="src/kits/drivers/pcmcia/ftl.h" />
		<Unit filename="src/kits/drivers/pcmcia/k_compat.h" />
		<Unit filename="src/kits/drivers/pcmcia/mem_op.h" />
		<Unit filename="src/kits/drivers/pcmcia/memory.h" />
		<Unit filename="src/kits/drivers/pcmcia/ss.h" />
		<Unit filename="src/kits/drivers/pcmcia/version.h" />
		<Unit filename="src/kits/drivers/tty/tty_module.h" />
		<Unit filename="src/kits/drivers/tty/ttylayer.h" />
		<Unit filename="src/kits/drivers/usb/USB_audio.h" />
		<Unit filename="src/kits/drivers/usb/USB_cdc.h" />
		<Unit filename="src/kits/drivers/usb/USB_hid.h" />
		<Unit filename="src/kits/drivers/usb/USB_hid_page_alphanumeric_display.h" />
		<Unit filename="src/kits/drivers/usb/USB_hid_page_arcade.h" />
		<Unit filename="src/kits/drivers/usb/USB_hid_page_bar_code_scanner.h" />
		<Unit filename="src/kits/drivers/usb/USB_hid_page_battery_system.h" />
		<Unit filename="src/kits/drivers/usb/USB_hid_page_consumer.h" />
		<Unit filename="src/kits/drivers/usb/USB_hid_page_digitizers.h" />
		<Unit filename="src/kits/drivers/usb/USB_hid_page_game_controls.h" />
		<Unit filename="src/kits/drivers/usb/USB_hid_page_generic_desktop.h" />
		<Unit filename="src/kits/drivers/usb/USB_hid_page_generic_device_controls.h" />
		<Unit filename="src/kits/drivers/usb/USB_hid_page_keyboard.h" />
		<Unit filename="src/kits/drivers/usb/USB_hid_page_led.h" />
		<Unit filename="src/kits/drivers/usb/USB_hid_page_magnetic_stripe_reader.h" />
		<Unit filename="src/kits/drivers/usb/USB_hid_page_medical_instrument.h" />
		<Unit filename="src/kits/drivers/usb/USB_hid_page_pid.h" />
		<Unit filename="src/kits/drivers/usb/USB_hid_page_power_device.h" />
		<Unit filename="src/kits/drivers/usb/USB_hid_page_simulation.h" />
		<Unit filename="src/kits/drivers/usb/USB_hid_page_sport_controls.h" />
		<Unit filename="src/kits/drivers/usb/USB_hid_page_telephony.h" />
		<Unit filename="src/kits/drivers/usb/USB_hid_page_usb_monitor.h" />
		<Unit filename="src/kits/drivers/usb/USB_hid_page_vesa_virtual_controls.h" />
		<Unit filename="src/kits/drivers/usb/USB_hid_page_vr_controls.h" />
		<Unit filename="src/kits/drivers/usb/USB_hid_page_weighing_device.h" />
		<Unit filename="src/kits/drivers/usb/USB_langIDs.h" />
		<Unit filename="src/kits/drivers/usb/USB_massbulk.h" />
		<Unit filename="src/kits/drivers/usb/USB_midi.h" />
		<Unit filename="src/kits/drivers/usb/USB_video.h" />
		<Unit filename="src/kits/game/DirectWindow.h" />
		<Unit filename="src/kits/game/FileGameSound.h" />
		<Unit filename="src/kits/game/GSUtility.h" />
		<Unit filename="src/kits/game/GameProducer.h" />
		<Unit filename="src/kits/game/GameSound.h" />
		<Unit filename="src/kits/game/GameSoundBuffer.h" />
		<Unit filename="src/kits/game/GameSoundDefs.h" />
		<Unit filename="src/kits/game/GameSoundDevice.h" />
		<Unit filename="src/kits/game/PushGameSound.h" />
		<Unit filename="src/kits/game/SimpleGameSound.h" />
		<Unit filename="src/kits/game/StreamingGameSound.h" />
		<Unit filename="src/kits/game/WindowScreen.h" />
		<Unit filename="src/kits/interface/AbstractLayout.h" />
		<Unit filename="src/kits/interface/AbstractLayoutItem.h" />
		<Unit filename="src/kits/interface/AffineTransform.h" />
		<Unit filename="src/kits/interface/Alert.cpp" />
		<Unit filename="src/kits/interface/Alert.h" />
		<Unit filename="src/kits/interface/Alignment.h" />
		<Unit filename="src/kits/interface/Bitmap.cpp" />
		<Unit filename="src/kits/interface/Bitmap.h" />
		<Unit filename="src/kits/interface/Box.cpp" />
		<Unit filename="src/kits/interface/Box.h" />
		<Unit filename="src/kits/interface/Button.cpp" />
		<Unit filename="src/kits/interface/Button.h" />
		<Unit filename="src/kits/interface/CardLayout.h" />
		<Unit filename="src/kits/interface/CardView.h" />
		<Unit filename="src/kits/interface/ChannelControl.h" />
		<Unit filename="src/kits/interface/ChannelSlider.h" />
		<Unit filename="src/kits/interface/CheckBox.cpp" />
		<Unit filename="src/kits/interface/CheckBox.h" />
		<Unit filename="src/kits/interface/ColorControl.cpp" />
		<Unit filename="src/kits/interface/ColorControl.h" />
		<Unit filename="src/kits/interface/Control.cpp" />
		<Unit filename="src/kits/interface/Control.h" />
		<Unit filename="src/kits/interface/ControlLook.h" />
		<Unit filename="src/kits/interface/Deskbar.h" />
		<Unit filename="src/kits/interface/Dragger.h" />
		<Unit filename="src/kits/interface/Font.cpp" />
		<Unit filename="src/kits/interface/Font.h" />
		<Unit filename="src/kits/interface/Gradient.h" />
		<Unit filename="src/kits/interface/GradientConic.h" />
		<Unit filename="src/kits/interface/GradientDiamond.h" />
		<Unit filename="src/kits/interface/GradientLinear.h" />
		<Unit filename="src/kits/interface/GradientRadial.h" />
		<Unit filename="src/kits/interface/GradientRadialFocus.h" />
		<Unit filename="src/kits/interface/GraphicsDefs.cpp" />
		<Unit filename="src/kits/interface/GraphicsDefs.h" />
		<Unit filename="src/kits/interface/GridLayout.h" />
		<Unit filename="src/kits/interface/GridLayoutBuilder.h" />
		<Unit filename="src/kits/interface/GridView.h" />
		<Unit filename="src/kits/interface/GroupLayout.h" />
		<Unit filename="src/kits/interface/GroupLayoutBuilder.h" />
		<Unit filename="src/kits/interface/GroupView.h" />
		<Unit filename="src/kits/interface/IconUtils.h" />
		<Unit filename="src/kits/interface/Input.h" />
		<Unit filename="src/kits/interface/InterfaceDefs.h" />
		<Unit filename="src/kits/interface/Layout.h" />
		<Unit filename="src/kits/interface/LayoutBuilder.h" />
		<Unit filename="src/kits/interface/LayoutContext.h" />
		<Unit filename="src/kits/interface/LayoutItem.h" />
		<Unit filename="src/kits/interface/LayoutUtils.h" />
		<Unit filename="src/kits/interface/LimitedView.cpp" />
		<Unit filename="src/kits/interface/LimitedView.h" />
		<Unit filename="src/kits/interface/ListItem.cpp" />
		<Unit filename="src/kits/interface/ListItem.h" />
		<Unit filename="src/kits/interface/ListView.cpp" />
		<Unit filename="src/kits/interface/ListView.h" />
		<Unit filename="src/kits/interface/Menu.cpp" />
		<Unit filename="src/kits/interface/Menu.h" />
		<Unit filename="src/kits/interface/MenuBar.cpp" />
		<Unit filename="src/kits/interface/MenuBar.h" />
		<Unit filename="src/kits/interface/MenuField.cpp" />
		<Unit filename="src/kits/interface/MenuField.h" />
		<Unit filename="src/kits/interface/MenuItem.cpp" />
		<Unit filename="src/kits/interface/MenuItem.h" />
		<Unit filename="src/kits/interface/MultiChannelControl.h" />
		<Unit filename="src/kits/interface/OptionControl.h" />
		<Unit filename="src/kits/interface/OptionPopUp.h" />
		<Unit filename="src/kits/interface/OutlineListView.cpp" />
		<Unit filename="src/kits/interface/OutlineListView.h" />
		<Unit filename="src/kits/interface/Picture.h" />
		<Unit filename="src/kits/interface/PictureButton.h" />
		<Unit filename="src/kits/interface/Point.cpp" />
		<Unit filename="src/kits/interface/Point.h" />
		<Unit filename="src/kits/interface/Polygon.cpp" />
		<Unit filename="src/kits/interface/Polygon.h" />
		<Unit filename="src/kits/interface/PopUpMenu.cpp" />
		<Unit filename="src/kits/interface/PopUpMenu.h" />
		<Unit filename="src/kits/interface/PrintJob.h" />
		<Unit filename="src/kits/interface/RadioButton.cpp" />
		<Unit filename="src/kits/interface/RadioButton.h" />
		<Unit filename="src/kits/interface/Rect.cpp" />
		<Unit filename="src/kits/interface/Rect.h" />
		<Unit filename="src/kits/interface/Region.1486593436 (1).h" />
		<Unit filename="src/kits/interface/Region.1486593436.h" />
		<Unit filename="src/kits/interface/Region.cpp" />
		<Unit filename="src/kits/interface/Region.h" />
		<Unit filename="src/kits/interface/Screen.cpp" />
		<Unit filename="src/kits/interface/Screen.h" />
		<Unit filename="src/kits/interface/ScrollBar.cpp" />
		<Unit filename="src/kits/interface/ScrollBar.h" />
		<Unit filename="src/kits/interface/ScrollView.cpp" />
		<Unit filename="src/kits/interface/ScrollView.h" />
		<Unit filename="src/kits/interface/SeparatorItem.h" />
		<Unit filename="src/kits/interface/SeparatorView.h" />
		<Unit filename="src/kits/interface/Shape.h" />
		<Unit filename="src/kits/interface/Shelf.h" />
		<Unit filename="src/kits/interface/Size.h" />
		<Unit filename="src/kits/interface/Slider.h" />
		<Unit filename="src/kits/interface/SpaceLayoutItem.h" />
		<Unit filename="src/kits/interface/SplitLayout.h" />
		<Unit filename="src/kits/interface/SplitLayoutBuilder.h" />
		<Unit filename="src/kits/interface/SplitView.h" />
		<Unit filename="src/kits/interface/StatusBar.cpp" />
		<Unit filename="src/kits/interface/StatusBar.h" />
		<Unit filename="src/kits/interface/StringItem.h" />
		<Unit filename="src/kits/interface/StringView.cpp" />
		<Unit filename="src/kits/interface/StringView.h" />
		<Unit filename="src/kits/interface/TabView.cpp" />
		<Unit filename="src/kits/interface/TabView.h" />
		<Unit filename="src/kits/interface/TextControl.cpp" />
		<Unit filename="src/kits/interface/TextControl.h" />
		<Unit filename="src/kits/interface/TextEditable.cpp" />
		<Unit filename="src/kits/interface/TextEditable.h" />
		<Unit filename="src/kits/interface/TextInput.h" />
		<Unit filename="src/kits/interface/TextView.cpp" />
		<Unit filename="src/kits/interface/TextView.h" />
		<Unit filename="src/kits/interface/Theme.cpp" />
		<Unit filename="src/kits/interface/ToolTip.cpp" />
		<Unit filename="src/kits/interface/ToolTip.h" />
		<Unit filename="src/kits/interface/TwoDimensionalLayout.h" />
		<Unit filename="src/kits/interface/UnicodeBlockObjects.h" />
		<Unit filename="src/kits/interface/View.cpp" />
		<Unit filename="src/kits/interface/View.h" />
		<Unit filename="src/kits/interface/ViewLayoutItem.h" />
		<Unit filename="src/kits/interface/ViewPrivate.h" />
		<Unit filename="src/kits/interface/Window.cpp" />
		<Unit filename="src/kits/interface/Window.h" />
		<Unit filename="src/kits/interface/beos/BHAPI_wrapper_application.cpp" />
		<Unit filename="src/kits/interface/beos/BHAPI_wrapper_beos-font.cpp" />
		<Unit filename="src/kits/interface/beos/BHAPI_wrapper_beos-graphics.h" />
		<Unit filename="src/kits/interface/beos/BHAPI_wrapper_drawing.cpp" />
		<Unit filename="src/kits/interface/beos/BHAPI_wrapper_pixmap.cpp" />
		<Unit filename="src/kits/interface/beos/BHAPI_wrapper_window.cpp" />
		<Unit filename="src/kits/interface/carbon/BHAPI_wrapper_carbon.h" />
		<Unit filename="src/kits/interface/carbon/etk-carbon.h" />
		<Unit filename="src/kits/interface/directfb/BHAPI_wrapper_application.cpp" />
		<Unit filename="src/kits/interface/directfb/BHAPI_wrapper_dfb-font.cpp" />
		<Unit filename="src/kits/interface/directfb/BHAPI_wrapper_dfb.h" />
		<Unit filename="src/kits/interface/directfb/BHAPI_wrapper_drawing.cpp" />
		<Unit filename="src/kits/interface/directfb/BHAPI_wrapper_pixmap.cpp" />
		<Unit filename="src/kits/interface/directfb/BHAPI_wrapper_window.cpp" />
		<Unit filename="src/kits/interface/directfb/BHAPI_wrapper_wm.cpp" />
		<Unit filename="src/kits/interface/layout/Layout.h" />
		<Unit filename="src/kits/interface/layout/LayoutContainer.cpp" />
		<Unit filename="src/kits/interface/layout/LayoutForm.cpp" />
		<Unit filename="src/kits/interface/layout/LayoutItem.cpp" />
		<Unit filename="src/kits/interface/layouter/CollapsingLayouter.h" />
		<Unit filename="src/kits/interface/layouter/ComplexLayouter.h" />
		<Unit filename="src/kits/interface/layouter/LayoutOptimizer.h" />
		<Unit filename="src/kits/interface/layouter/Layouter.h" />
		<Unit filename="src/kits/interface/layouter/OneElementLayouter.h" />
		<Unit filename="src/kits/interface/layouter/SimpleLayouter.h" />
		<Unit filename="src/kits/interface/textview_support/InlineInput.h" />
		<Unit filename="src/kits/interface/textview_support/LineBuffer.h" />
		<Unit filename="src/kits/interface/textview_support/StyleBuffer.h" />
		<Unit filename="src/kits/interface/textview_support/TextGapBuffer.h" />
		<Unit filename="src/kits/interface/textview_support/UndoBuffer.h" />
		<Unit filename="src/kits/interface/win32/BHAPI_wrapper_application.cpp" />
		<Unit filename="src/kits/interface/win32/BHAPI_wrapper_drawing.cpp" />
		<Unit filename="src/kits/interface/win32/BHAPI_wrapper_pixmap.cpp" />
		<Unit filename="src/kits/interface/win32/BHAPI_wrapper_win32-font.cpp" />
		<Unit filename="src/kits/interface/win32/BHAPI_wrapper_win32gdi.h" />
		<Unit filename="src/kits/interface/win32/BHAPI_wrapper_window.cpp" />
		<Unit filename="src/kits/interface/wm/SimpleWM.cpp" />
		<Unit filename="src/kits/interface/wm/SimpleWM.h" />
		<Unit filename="src/kits/interface/x11/BHAPI_wrapper_application.cpp" />
		<Unit filename="src/kits/interface/x11/BHAPI_wrapper_drawing.cpp" />
		<Unit filename="src/kits/interface/x11/BHAPI_wrapper_pixmap.cpp" />
		<Unit filename="src/kits/interface/x11/BHAPI_wrapper_window.cpp" />
		<Unit filename="src/kits/interface/x11/BHAPI_wrapper_x11-font.cpp" />
		<Unit filename="src/kits/interface/x11/BHAPI_wrapper_x11.h" />
		<Unit filename="src/kits/kernel/BHAPI_wrapper_port.cpp" />
		<Unit filename="src/kits/kernel/Debug.cpp" />
		<Unit filename="src/kits/kernel/Debug.h" />
		<Unit filename="src/kits/kernel/Image.h" />
		<Unit filename="src/kits/kernel/Kernel.h" />
		<Unit filename="src/kits/kernel/Memory.h" />
		<Unit filename="src/kits/kernel/OS.h" />
		<Unit filename="src/kits/kernel/beos/BHAPI_wrapper_area.cpp" />
		<Unit filename="src/kits/kernel/beos/BHAPI_wrapper_image.cpp" />
		<Unit filename="src/kits/kernel/beos/BHAPI_wrapper_os.cpp" />
		<Unit filename="src/kits/kernel/beos/BHAPI_wrapper_timefuncs.cpp" />
		<Unit filename="src/kits/kernel/debugger.h" />
		<Unit filename="src/kits/kernel/elf.h" />
		<Unit filename="src/kits/kernel/fs_attr.h" />
		<Unit filename="src/kits/kernel/fs_index.h" />
		<Unit filename="src/kits/kernel/fs_info.h" />
		<Unit filename="src/kits/kernel/fs_query.h" />
		<Unit filename="src/kits/kernel/fs_volume.h" />
		<Unit filename="src/kits/kernel/scheduler.h" />
		<Unit filename="src/kits/kernel/thread/beos/BHAPI_wrapper_locker.cpp" />
		<Unit filename="src/kits/kernel/thread/beos/BHAPI_wrapper_semaphore.cpp" />
		<Unit filename="src/kits/kernel/thread/beos/BHAPI_wrapper_thread.cpp" />
		<Unit filename="src/kits/kernel/thread/posix/BHAPI_wrapper_locker.cpp" />
		<Unit filename="src/kits/kernel/thread/posix/BHAPI_wrapper_semaphore-mach.cpp" />
		<Unit filename="src/kits/kernel/thread/posix/BHAPI_wrapper_semaphore-umtx.cpp" />
		<Unit filename="src/kits/kernel/thread/posix/BHAPI_wrapper_semaphore.cpp" />
		<Unit filename="src/kits/kernel/thread/posix/BHAPI_wrapper_thread.cpp" />
		<Unit filename="src/kits/kernel/thread/win32/BHAPI_wrapper_locker.cpp" />
		<Unit filename="src/kits/kernel/thread/win32/BHAPI_wrapper_semaphore.cpp" />
		<Unit filename="src/kits/kernel/thread/win32/BHAPI_wrapper_thread.cpp" />
		<Unit filename="src/kits/kernel/unix/BHAPI_wrapper_area.cpp" />
		<Unit filename="src/kits/kernel/unix/BHAPI_wrapper_image.cpp" />
		<Unit filename="src/kits/kernel/unix/BHAPI_wrapper_os.cpp" />
		<Unit filename="src/kits/kernel/unix/BHAPI_wrapper_timefuncs.cpp" />
		<Unit filename="src/kits/kernel/win32/BHAPI_wrapper_area.cpp" />
		<Unit filename="src/kits/kernel/win32/BHAPI_wrapper_image.cpp" />
		<Unit filename="src/kits/kernel/win32/BHAPI_wrapper_os.cpp" />
		<Unit filename="src/kits/kernel/win32/BHAPI_wrapper_timefuncs.cpp" />
		<Unit filename="src/kits/locale/Catalog.h" />
		<Unit filename="src/kits/locale/CatalogData.h" />
		<Unit filename="src/kits/locale/Collator.h" />
		<Unit filename="src/kits/locale/Country.h" />
		<Unit filename="src/kits/locale/Currency.h" />
		<Unit filename="src/kits/locale/DateFormat.h" />
		<Unit filename="src/kits/locale/DateTimeFormat.h" />
		<Unit filename="src/kits/locale/DurationFormat.h" />
		<Unit filename="src/kits/locale/FloatFormat.h" />
		<Unit filename="src/kits/locale/FloatFormatImpl.h" />
		<Unit filename="src/kits/locale/FloatFormatParameters.h" />
		<Unit filename="src/kits/locale/Format.h" />
		<Unit filename="src/kits/locale/FormatImpl.h" />
		<Unit filename="src/kits/locale/FormatParameters.h" />
		<Unit filename="src/kits/locale/FormattingConventions.h" />
		<Unit filename="src/kits/locale/GenericNumberFormat.h" />
		<Unit filename="src/kits/locale/IntegerFormat.h" />
		<Unit filename="src/kits/locale/IntegerFormatImpl.h" />
		<Unit filename="src/kits/locale/IntegerFormatParameters.h" />
		<Unit filename="src/kits/locale/Language.h" />
		<Unit filename="src/kits/locale/LocaleClass.h" />
		<Unit filename="src/kits/locale/LocaleRoster.h" />
		<Unit filename="src/kits/locale/LocaleStrings.h" />
		<Unit filename="src/kits/locale/MessageFormat.h" />
		<Unit filename="src/kits/locale/NumberFormat.h" />
		<Unit filename="src/kits/locale/NumberFormatParameters.h" />
		<Unit filename="src/kits/locale/TextEncoding.h" />
		<Unit filename="src/kits/locale/TimeFormat.h" />
		<Unit filename="src/kits/locale/TimeUnitFormat.h" />
		<Unit filename="src/kits/locale/TimeZone.h" />
		<Unit filename="src/kits/locale/UnicodeChar.h" />
		<Unit filename="src/kits/locale/tools/CollectingCatalog.h" />
		<Unit filename="src/kits/mail/E-mail.h" />
		<Unit filename="src/kits/mail/HaikuMailFormatFilter.h" />
		<Unit filename="src/kits/mail/MailAttachment.h" />
		<Unit filename="src/kits/mail/MailComponent.h" />
		<Unit filename="src/kits/mail/MailContainer.h" />
		<Unit filename="src/kits/mail/MailDaemon.h" />
		<Unit filename="src/kits/mail/MailMessage.h" />
		<Unit filename="src/kits/mail/MailSettings.h" />
		<Unit filename="src/kits/mail/mail_encoding.h" />
		<Unit filename="src/kits/media/AddOnManager.h" />
		<Unit filename="src/kits/media/Buffer.h" />
		<Unit filename="src/kits/media/BufferCache.h" />
		<Unit filename="src/kits/media/BufferConsumer.h" />
		<Unit filename="src/kits/media/BufferGroup.h" />
		<Unit filename="src/kits/media/BufferProducer.h" />
		<Unit filename="src/kits/media/ChunkCache.h" />
		<Unit filename="src/kits/media/Controllable.h" />
		<Unit filename="src/kits/media/FileInterface.h" />
		<Unit filename="src/kits/media/FormatManager.h" />
		<Unit filename="src/kits/media/MediaAddOn.h" />
		<Unit filename="src/kits/media/MediaDecoder.h" />
		<Unit filename="src/kits/media/MediaDefs.h" />
		<Unit filename="src/kits/media/MediaEncoder.h" />
		<Unit filename="src/kits/media/MediaEventLooper.h" />
		<Unit filename="src/kits/media/MediaFile.h" />
		<Unit filename="src/kits/media/MediaFiles.h" />
		<Unit filename="src/kits/media/MediaFormats.h" />
		<Unit filename="src/kits/media/MediaNode.h" />
		<Unit filename="src/kits/media/MediaRoster.h" />
		<Unit filename="src/kits/media/MediaTheme.h" />
		<Unit filename="src/kits/media/MediaTrack.h" />
		<Unit filename="src/kits/media/ParameterWeb.h" />
		<Unit filename="src/kits/media/PlaySound.h" />
		<Unit filename="src/kits/media/RealtimeAlloc.h" />
		<Unit filename="src/kits/media/Sound.h" />
		<Unit filename="src/kits/media/SoundFile.h" />
		<Unit filename="src/kits/media/SoundPlayNode.h" />
		<Unit filename="src/kits/media/SoundPlayer.h" />
		<Unit filename="src/kits/media/TimeCode.h" />
		<Unit filename="src/kits/media/TimeSource.h" />
		<Unit filename="src/kits/media/TimeSourceObject.h" />
		<Unit filename="src/kits/media/TimeSourceObjectManager.h" />
		<Unit filename="src/kits/media/TimedEventQueue.h" />
		<Unit filename="src/kits/media/TimedEventQueuePrivate.h" />
		<Unit filename="src/kits/media/TrackReader.h" />
		<Unit filename="src/kits/media/legacy/OldAudioModule.h" />
		<Unit filename="src/kits/media/legacy/OldAudioStream.h" />
		<Unit filename="src/kits/media/legacy/OldBufferMsgs.h" />
		<Unit filename="src/kits/media/legacy/OldBufferStream.h" />
		<Unit filename="src/kits/media/legacy/OldBufferStreamManager.h" />
		<Unit filename="src/kits/media/legacy/OldMediaDefs.h" />
		<Unit filename="src/kits/media/legacy/OldMediaKit.h" />
		<Unit filename="src/kits/media/legacy/OldMediaModule.h" />
		<Unit filename="src/kits/media/legacy/OldSubscriber.h" />
		<Unit filename="src/kits/midi2/Midi2Defs.h" />
		<Unit filename="src/kits/midi2/MidiConsumer.h" />
		<Unit filename="src/kits/midi2/MidiEndpoint.h" />
		<Unit filename="src/kits/midi2/MidiProducer.h" />
		<Unit filename="src/kits/midi2/MidiRoster.h" />
		<Unit filename="src/kits/midi2/MidiRosterLooper.h" />
		<Unit filename="src/kits/midi/Midi.h" />
		<Unit filename="src/kits/midi/MidiDefs.h" />
		<Unit filename="src/kits/midi/MidiGlue.h" />
		<Unit filename="src/kits/midi/MidiPort.h" />
		<Unit filename="src/kits/midi/MidiStore.h" />
		<Unit filename="src/kits/midi/MidiSynth.h" />
		<Unit filename="src/kits/midi/MidiSynthFile.h" />
		<Unit filename="src/kits/midi/MidiText.h" />
		<Unit filename="src/kits/midi/Samples.h" />
		<Unit filename="src/kits/midi/SoftSynth.h" />
		<Unit filename="src/kits/midi/Synth.h" />
		<Unit filename="src/kits/net/AbstractSocket.h" />
		<Unit filename="src/kits/net/Certificate.h" />
		<Unit filename="src/kits/net/DataRequest.h" />
		<Unit filename="src/kits/net/DatagramSocket.h" />
		<Unit filename="src/kits/net/FileRequest.h" />
		<Unit filename="src/kits/net/GopherRequest.h" />
		<Unit filename="src/kits/net/HttpAuthentication.h" />
		<Unit filename="src/kits/net/HttpForm.h" />
		<Unit filename="src/kits/net/HttpHeaders.h" />
		<Unit filename="src/kits/net/HttpRequest.h" />
		<Unit filename="src/kits/net/HttpResult.h" />
		<Unit filename="src/kits/net/NetAddress.cpp" />
		<Unit filename="src/kits/net/NetAddress.h" />
		<Unit filename="src/kits/net/NetBuffer.cpp" />
		<Unit filename="src/kits/net/NetBuffer.h" />
		<Unit filename="src/kits/net/NetDebug.cpp" />
		<Unit filename="src/kits/net/NetDebug.h" />
		<Unit filename="src/kits/net/NetEndpoint.cpp" />
		<Unit filename="src/kits/net/NetEndpoint.h" />
		<Unit filename="src/kits/net/NetworkAddress.h" />
		<Unit filename="src/kits/net/NetworkAddressResolver.h" />
		<Unit filename="src/kits/net/NetworkCookie.h" />
		<Unit filename="src/kits/net/NetworkCookieJar.h" />
		<Unit filename="src/kits/net/NetworkDevice.h" />
		<Unit filename="src/kits/net/NetworkInterface.h" />
		<Unit filename="src/kits/net/NetworkNotifications.h" />
		<Unit filename="src/kits/net/NetworkRequest.h" />
		<Unit filename="src/kits/net/NetworkRoster.h" />
		<Unit filename="src/kits/net/NetworkRoute.h" />
		<Unit filename="src/kits/net/ProxySecureSocket.h" />
		<Unit filename="src/kits/net/SecureSocket.h" />
		<Unit filename="src/kits/net/Socket.h" />
		<Unit filename="src/kits/net/Url.h" />
		<Unit filename="src/kits/net/UrlContext.h" />
		<Unit filename="src/kits/net/UrlProtocolAsynchronousListener.h" />
		<Unit filename="src/kits/net/UrlProtocolDispatchingListener.h" />
		<Unit filename="src/kits/net/UrlProtocolListener.h" />
		<Unit filename="src/kits/net/UrlProtocolRoster.h" />
		<Unit filename="src/kits/net/UrlRequest.h" />
		<Unit filename="src/kits/net/UrlResult.h" />
		<Unit filename="src/kits/net/UrlSynchronousRequest.h" />
		<Unit filename="src/kits/net/net_settings.h" />
		<Unit filename="src/kits/network/libnetapi/CertificatePrivate.h" />
		<Unit filename="src/kits/network/libnetapi/NetworkCookieJarPrivate.h" />
		<Unit filename="src/kits/network/libnetapi/md5.h" />
		<Unit filename="src/kits/network/netresolv/config.h" />
		<Unit filename="src/kits/network/netresolv/dst/dst_internal.h" />
		<Unit filename="src/kits/network/netresolv/dst/md5.h" />
		<Unit filename="src/kits/network/netresolv/dst/md5_locl.h" />
		<Unit filename="src/kits/network/netresolv/include/fd_setsize.h" />
		<Unit filename="src/kits/network/netresolv/include/hesiod.h" />
		<Unit filename="src/kits/network/netresolv/include/irp.h" />
		<Unit filename="src/kits/network/netresolv/include/irs.h" />
		<Unit filename="src/kits/network/netresolv/include/isc/assertions.h" />
		<Unit filename="src/kits/network/netresolv/include/isc/ctl.h" />
		<Unit filename="src/kits/network/netresolv/include/isc/dst.h" />
		<Unit filename="src/kits/network/netresolv/include/isc/eventlib.h" />
		<Unit filename="src/kits/network/netresolv/include/isc/heap.h" />
		<Unit filename="src/kits/network/netresolv/include/isc/irpmarshall.h" />
		<Unit filename="src/kits/network/netresolv/include/isc/list.h" />
		<Unit filename="src/kits/network/netresolv/include/isc/logging.h" />
		<Unit filename="src/kits/network/netresolv/include/isc/memcluster.h" />
		<Unit filename="src/kits/network/netresolv/include/isc/misc.h" />
		<Unit filename="src/kits/network/netresolv/include/isc/platform.h" />
		<Unit filename="src/kits/network/netresolv/include/isc/tree.h" />
		<Unit filename="src/kits/network/netresolv/include/netgroup.h" />
		<Unit filename="src/kits/network/netresolv/include/nsswitch.h" />
		<Unit filename="src/kits/network/netresolv/include/res_update.h" />
		<Unit filename="src/kits/network/netresolv/include/resolv_mt.h" />
		<Unit filename="src/kits/network/netresolv/include/sys/bitypes.h" />
		<Unit filename="src/kits/network/netresolv/include/utmp.h" />
		<Unit filename="src/kits/network/netresolv/irs/protoent.h" />
		<Unit filename="src/kits/network/netresolv/irs/servent.h" />
		<Unit filename="src/kits/network/netresolv/isc/ctl_p.h" />
		<Unit filename="src/kits/network/netresolv/isc/eventlib_p.h" />
		<Unit filename="src/kits/network/netresolv/isc/logging_p.h" />
		<Unit filename="src/kits/network/netresolv/port_after.h" />
		<Unit filename="src/kits/network/netresolv/port_before.h" />
		<Unit filename="src/kits/network/netresolv/resolv/res_debug.h" />
		<Unit filename="src/kits/network/netresolv/resolv/res_private.h" />
		<Unit filename="src/kits/package/AddRepositoryRequest.h" />
		<Unit filename="src/kits/package/Attributes.h" />
		<Unit filename="src/kits/package/CommitTransactionResult.h" />
		<Unit filename="src/kits/package/Context.h" />
		<Unit filename="src/kits/package/DownloadFileRequest.h" />
		<Unit filename="src/kits/package/DropRepositoryRequest.h" />
		<Unit filename="src/kits/package/GlobalWritableFileInfo.h" />
		<Unit filename="src/kits/package/InstallationLocationInfo.h" />
		<Unit filename="src/kits/package/Job.h" />
		<Unit filename="src/kits/package/PackageArchitecture.h" />
		<Unit filename="src/kits/package/PackageDefs.h" />
		<Unit filename="src/kits/package/PackageFlags.h" />
		<Unit filename="src/kits/package/PackageInfo.h" />
		<Unit filename="src/kits/package/PackageInfoAttributes.h" />
		<Unit filename="src/kits/package/PackageInfoContentHandler.h" />
		<Unit filename="src/kits/package/PackageInfoParser.h" />
		<Unit filename="src/kits/package/PackageInfoSet.h" />
		<Unit filename="src/kits/package/PackageInfoStringBuilder.h" />
		<Unit filename="src/kits/package/PackageResolvable.h" />
		<Unit filename="src/kits/package/PackageResolvableExpression.h" />
		<Unit filename="src/kits/package/PackageResolvableOperator.h" />
		<Unit filename="src/kits/package/PackageRoster.h" />
		<Unit filename="src/kits/package/PackageVersion.h" />
		<Unit filename="src/kits/package/RefreshRepositoryRequest.h" />
		<Unit filename="src/kits/package/RepositoryCache.h" />
		<Unit filename="src/kits/package/RepositoryConfig.h" />
		<Unit filename="src/kits/package/RepositoryInfo.h" />
		<Unit filename="src/kits/package/Request.h" />
		<Unit filename="src/kits/package/User.h" />
		<Unit filename="src/kits/package/UserSettingsFileInfo.h" />
		<Unit filename="src/kits/package/WritableFileUpdateType.h" />
		<Unit filename="src/kits/package/hpkg/BlockBufferPool.h" />
		<Unit filename="src/kits/package/hpkg/BlockBufferPoolNoLock.h" />
		<Unit filename="src/kits/package/hpkg/BufferPool.h" />
		<Unit filename="src/kits/package/hpkg/DataReader.h" />
		<Unit filename="src/kits/package/hpkg/ErrorOutput.h" />
		<Unit filename="src/kits/package/hpkg/HPKGDefs.h" />
		<Unit filename="src/kits/package/hpkg/NoErrorOutput.h" />
		<Unit filename="src/kits/package/hpkg/PackageAttributeValue.h" />
		<Unit filename="src/kits/package/hpkg/PackageAttributes.h" />
		<Unit filename="src/kits/package/hpkg/PackageContentHandler.h" />
		<Unit filename="src/kits/package/hpkg/PackageData.h" />
		<Unit filename="src/kits/package/hpkg/PackageDataReader.h" />
		<Unit filename="src/kits/package/hpkg/PackageEntry.h" />
		<Unit filename="src/kits/package/hpkg/PackageEntryAttribute.h" />
		<Unit filename="src/kits/package/hpkg/PackageInfoAttributeValue.h" />
		<Unit filename="src/kits/package/hpkg/PackageReader.h" />
		<Unit filename="src/kits/package/hpkg/PackageWriter.h" />
		<Unit filename="src/kits/package/hpkg/RepositoryContentHandler.h" />
		<Unit filename="src/kits/package/hpkg/RepositoryReader.h" />
		<Unit filename="src/kits/package/hpkg/RepositoryWriter.h" />
		<Unit filename="src/kits/package/hpkg/StandardErrorOutput.h" />
		<Unit filename="src/kits/package/hpkg/v1/HPKGDefs.h" />
		<Unit filename="src/kits/package/hpkg/v1/PackageAttributeValue.h" />
		<Unit filename="src/kits/package/hpkg/v1/PackageContentHandler.h" />
		<Unit filename="src/kits/package/hpkg/v1/PackageData.h" />
		<Unit filename="src/kits/package/hpkg/v1/PackageDataReader.h" />
		<Unit filename="src/kits/package/hpkg/v1/PackageEntry.h" />
		<Unit filename="src/kits/package/hpkg/v1/PackageEntryAttribute.h" />
		<Unit filename="src/kits/package/hpkg/v1/PackageReader.h" />
		<Unit filename="src/kits/package/manager/PackageManagerUtils.h" />
		<Unit filename="src/kits/package/solver/LibsolvSolver.h" />
		<Unit filename="src/kits/package/solver/Solver.h" />
		<Unit filename="src/kits/package/solver/SolverPackage.h" />
		<Unit filename="src/kits/package/solver/SolverPackageSpecifier.h" />
		<Unit filename="src/kits/package/solver/SolverPackageSpecifierList.h" />
		<Unit filename="src/kits/package/solver/SolverProblem.h" />
		<Unit filename="src/kits/package/solver/SolverProblemSolution.h" />
		<Unit filename="src/kits/package/solver/SolverRepository.h" />
		<Unit filename="src/kits/package/solver/SolverResult.h" />
		<Unit filename="src/kits/private/Memory.cpp" />
		<Unit filename="src/kits/private/Memory.h" />
		<Unit filename="src/kits/private/MessageBody.cpp" />
		<Unit filename="src/kits/private/MessageBody.h" />
		<Unit filename="src/kits/private/Object.cpp" />
		<Unit filename="src/kits/private/Object.h" />
		<Unit filename="src/kits/private/PrivateApplication.cpp" />
		<Unit filename="src/kits/private/PrivateApplication.h" />
		<Unit filename="src/kits/private/PrivateHandler.cpp" />
		<Unit filename="src/kits/private/PrivateHandler.h" />
		<Unit filename="src/kits/private/StandardIO.cpp" />
		<Unit filename="src/kits/private/StandardIO.h" />
		<Unit filename="src/kits/private/Token.cpp" />
		<Unit filename="src/kits/private/Token.h" />
		<Unit filename="src/kits/render/ArcGenerator.cpp" />
		<Unit filename="src/kits/render/ArcGenerator.h" />
		<Unit filename="src/kits/render/LineGenerator.cpp" />
		<Unit filename="src/kits/render/LineGenerator.h" />
		<Unit filename="src/kits/render/Pixmap.cpp" />
		<Unit filename="src/kits/render/Pixmap.h" />
		<Unit filename="src/kits/render/Render.cpp" />
		<Unit filename="src/kits/render/Render.h" />
		<Unit filename="src/kits/storage/AddOnImage.h" />
		<Unit filename="src/kits/storage/AppFileInfo.h" />
		<Unit filename="src/kits/storage/Directory.cpp" />
		<Unit filename="src/kits/storage/Directory.h" />
		<Unit filename="src/kits/storage/DiskDeviceDefs.h" />
		<Unit filename="src/kits/storage/Entry.cpp" />
		<Unit filename="src/kits/storage/Entry.h" />
		<Unit filename="src/kits/storage/EntryList.h" />
		<Unit filename="src/kits/storage/File.cpp" />
		<Unit filename="src/kits/storage/File.h" />
		<Unit filename="src/kits/storage/FilePanel.cpp" />
		<Unit filename="src/kits/storage/FilePanel.h" />
		<Unit filename="src/kits/storage/FindDirectory.cpp" />
		<Unit filename="src/kits/storage/FindDirectory.h" />
		<Unit filename="src/kits/storage/Mime.h" />
		<Unit filename="src/kits/storage/MimeType.h" />
		<Unit filename="src/kits/storage/Node.cpp" />
		<Unit filename="src/kits/storage/Node.h" />
		<Unit filename="src/kits/storage/NodeInfo.h" />
		<Unit filename="src/kits/storage/NodeMonitor.h" />
		<Unit filename="src/kits/storage/Path.cpp" />
		<Unit filename="src/kits/storage/Path.h" />
		<Unit filename="src/kits/storage/PathFinder.h" />
		<Unit filename="src/kits/storage/Query.h" />
		<Unit filename="src/kits/storage/ResourceStrings.h" />
		<Unit filename="src/kits/storage/Resources.h" />
		<Unit filename="src/kits/storage/Statable.h" />
		<Unit filename="src/kits/storage/StorageDefs.h" />
		<Unit filename="src/kits/storage/SymLink.h" />
		<Unit filename="src/kits/storage/Volume.cpp" />
		<Unit filename="src/kits/storage/Volume.h" />
		<Unit filename="src/kits/storage/VolumeRoster.cpp" />
		<Unit filename="src/kits/storage/VolumeRoster.h" />
		<Unit filename="src/kits/storage/disk_device/DiskDeviceJob.h" />
		<Unit filename="src/kits/storage/disk_device/DiskDeviceJobGenerator.h" />
		<Unit filename="src/kits/storage/disk_device/DiskDeviceJobQueue.h" />
		<Unit filename="src/kits/storage/disk_device/DiskDeviceUtils.h" />
		<Unit filename="src/kits/storage/disk_device/PartitionDelegate.h" />
		<Unit filename="src/kits/storage/disk_device/PartitionReference.h" />
		<Unit filename="src/kits/storage/disk_device/PartitioningDialog.h" />
		<Unit filename="src/kits/storage/disk_device/jobs/CreateChildJob.h" />
		<Unit filename="src/kits/storage/disk_device/jobs/DefragmentJob.h" />
		<Unit filename="src/kits/storage/disk_device/jobs/DeleteChildJob.h" />
		<Unit filename="src/kits/storage/disk_device/jobs/InitializeJob.h" />
		<Unit filename="src/kits/storage/disk_device/jobs/MoveJob.h" />
		<Unit filename="src/kits/storage/disk_device/jobs/RepairJob.h" />
		<Unit filename="src/kits/storage/disk_device/jobs/ResizeJob.h" />
		<Unit filename="src/kits/storage/disk_device/jobs/SetStringJob.h" />
		<Unit filename="src/kits/storage/disk_device/jobs/UninitializeJob.h" />
		<Unit filename="src/kits/storage/mime/names.h" />
		<Unit filename="src/kits/support/Architecture.h" />
		<Unit filename="src/kits/support/Archivable.1486593659.h" />
		<Unit filename="src/kits/support/Archivable.cpp" />
		<Unit filename="src/kits/support/Archivable.h" />
		<Unit filename="src/kits/support/ArchivingManagers.h" />
		<Unit filename="src/kits/support/Autolock.1486593652.h" />
		<Unit filename="src/kits/support/Autolock.h" />
		<Unit filename="src/kits/support/Beep.h" />
		<Unit filename="src/kits/support/BlockCache.h" />
		<Unit filename="src/kits/support/BufferIO.h" />
		<Unit filename="src/kits/support/BufferedDataIO.h" />
		<Unit filename="src/kits/support/ByteOrder.1486593643.h" />
		<Unit filename="src/kits/support/ByteOrder.c">
			<Option compilerVar="CC" />
		</Unit>
		<Unit filename="src/kits/support/ByteOrder.h" />
		<Unit filename="src/kits/support/ClassInfo.1486593636.h" />
		<Unit filename="src/kits/support/ClassInfo.h" />
		<Unit filename="src/kits/support/DataIO.1486593627.h" />
		<Unit filename="src/kits/support/DataIO.cpp" />
		<Unit filename="src/kits/support/DataIO.h" />
		<Unit filename="src/kits/support/DateTime.h" />
		<Unit filename="src/kits/support/Debug.h" />
		<Unit filename="src/kits/support/Errors.1486593589.h" />
		<Unit filename="src/kits/support/Errors.h" />
		<Unit filename="src/kits/support/Flattenable.1486593579.h" />
		<Unit filename="src/kits/support/Flattenable.cpp" />
		<Unit filename="src/kits/support/Flattenable.h" />
		<Unit filename="src/kits/support/Job.h" />
		<Unit filename="src/kits/support/List.1486593446 (1).h" />
		<Unit filename="src/kits/support/List.1486593446.h" />
		<Unit filename="src/kits/support/List.cpp" />
		<Unit filename="src/kits/support/List.h" />
		<Unit filename="src/kits/support/Locker.1486593883.h" />
		<Unit filename="src/kits/support/Locker.cpp" />
		<Unit filename="src/kits/support/Locker.h" />
		<Unit filename="src/kits/support/ObjectList.h" />
		<Unit filename="src/kits/support/Referenceable.h" />
		<Unit filename="src/kits/support/SimpleLocker.cpp" />
		<Unit filename="src/kits/support/SimpleLocker.h" />
		<Unit filename="src/kits/support/StackOrHeapArray.h" />
		<Unit filename="src/kits/support/StandardIO.h" />
		<Unit filename="src/kits/support/StopWatch.h" />
		<Unit filename="src/kits/support/StreamIO.1486593894.h" />
		<Unit filename="src/kits/support/StreamIO.cpp" />
		<Unit filename="src/kits/support/StreamIO.h" />
		<Unit filename="src/kits/support/StringArray.1486593336.h" />
		<Unit filename="src/kits/support/StringArray.cpp" />
		<Unit filename="src/kits/support/StringArray.h" />
		<Unit filename="src/kits/support/StringClass.h" />
		<Unit filename="src/kits/support/StringList.h" />
		<Unit filename="src/kits/support/StringMe.1486593610.h" />
		<Unit filename="src/kits/support/StringMe.cpp" />
		<Unit filename="src/kits/support/StringMe.h" />
		<Unit filename="src/kits/support/SupportDefs.1486593385.h" />
		<Unit filename="src/kits/support/SupportDefs.1488110412.h" />
		<Unit filename="src/kits/support/SupportDefs.1489058396.h" />
		<Unit filename="src/kits/support/SupportDefs.1489087719.h" />
		<Unit filename="src/kits/support/SupportDefs.h" />
		<Unit filename="src/kits/support/TLS.h" />
		<Unit filename="src/kits/support/UTF8.h" />
		<Unit filename="src/kits/support/parsedate.h" />
		<Unit filename="src/kits/textencoding/character_sets.h" />
		<Unit filename="src/kits/tracker/AttributeStream.h" />
		<Unit filename="src/kits/tracker/Attributes.h" />
		<Unit filename="src/kits/tracker/Background.h" />
		<Unit filename="src/kits/tracker/BackgroundImage.h" />
		<Unit filename="src/kits/tracker/Bitmaps.h" />
		<Unit filename="src/kits/tracker/Commands.h" />
		<Unit filename="src/kits/tracker/ContainerWindow.h" />
		<Unit filename="src/kits/tracker/CountView.h" />
		<Unit filename="src/kits/tracker/Cursors.h" />
		<Unit filename="src/kits/tracker/DeskWindow.h" />
		<Unit filename="src/kits/tracker/DesktopPoseView.h" />
		<Unit filename="src/kits/tracker/DialogPane.h" />
		<Unit filename="src/kits/tracker/EntryIterator.h" />
		<Unit filename="src/kits/tracker/FSClipboard.h" />
		<Unit filename="src/kits/tracker/FSUndoRedo.h" />
		<Unit filename="src/kits/tracker/FSUtils.h" />
		<Unit filename="src/kits/tracker/FavoritesMenu.h" />
		<Unit filename="src/kits/tracker/FilePanelPriv.h" />
		<Unit filename="src/kits/tracker/FilePermissionsView.h" />
		<Unit filename="src/kits/tracker/FindPanel.h" />
		<Unit filename="src/kits/tracker/GroupedMenu.h" />
		<Unit filename="src/kits/tracker/IconCache.h" />
		<Unit filename="src/kits/tracker/InfoWindow.h" />
		<Unit filename="src/kits/tracker/LocalizedFolders.h" />
		<Unit filename="src/kits/tracker/LockingList.h" />
		<Unit filename="src/kits/tracker/MimeTypeList.h" />
		<Unit filename="src/kits/tracker/MimeTypes.h" />
		<Unit filename="src/kits/tracker/MiniMenuField.h" />
		<Unit filename="src/kits/tracker/Model.h" />
		<Unit filename="src/kits/tracker/MountMenu.h" />
		<Unit filename="src/kits/tracker/Navigator.h" />
		<Unit filename="src/kits/tracker/NodePreloader.h" />
		<Unit filename="src/kits/tracker/NodeWalker.h" />
		<Unit filename="src/kits/tracker/OpenWithWindow.h" />
		<Unit filename="src/kits/tracker/OverrideAlert.h" />
		<Unit filename="src/kits/tracker/PendingNodeMonitorCache.h" />
		<Unit filename="src/kits/tracker/Pose.h" />
		<Unit filename="src/kits/tracker/PoseList.h" />
		<Unit filename="src/kits/tracker/PoseView.h" />
		<Unit filename="src/kits/tracker/QueryContainerWindow.h" />
		<Unit filename="src/kits/tracker/QueryPoseView.h" />
		<Unit filename="src/kits/tracker/RecentItems.h" />
		<Unit filename="src/kits/tracker/RegExp.h" />
		<Unit filename="src/kits/tracker/SelectionWindow.h" />
		<Unit filename="src/kits/tracker/Settings.h" />
		<Unit filename="src/kits/tracker/SettingsHandler.h" />
		<Unit filename="src/kits/tracker/SettingsViews.h" />
		<Unit filename="src/kits/tracker/SlowContextPopup.h" />
		<Unit filename="src/kits/tracker/SlowMenu.h" />
		<Unit filename="src/kits/tracker/StatusWindow.h" />
		<Unit filename="src/kits/tracker/TaskLoop.h" />
		<Unit filename="src/kits/tracker/TemplatesMenu.h" />
		<Unit filename="src/kits/tracker/Tests.h" />
		<Unit filename="src/kits/tracker/TextWidget.h" />
		<Unit filename="src/kits/tracker/TitleView.h" />
		<Unit filename="src/kits/tracker/Tracker.h" />
		<Unit filename="src/kits/tracker/TrackerIcons.h" />
		<Unit filename="src/kits/tracker/TrackerSettings.h" />
		<Unit filename="src/kits/tracker/TrackerSettingsWindow.h" />
		<Unit filename="src/kits/tracker/TrackerString.h" />
		<Unit filename="src/kits/tracker/TrashWatcher.h" />
		<Unit filename="src/kits/tracker/Utilities.h" />
		<Unit filename="src/kits/tracker/ViewState.h" />
		<Unit filename="src/kits/tracker/VirtualDirectoryEntryList.h" />
		<Unit filename="src/kits/tracker/VirtualDirectoryManager.h" />
		<Unit filename="src/kits/tracker/VirtualDirectoryPoseView.h" />
		<Unit filename="src/kits/tracker/VirtualDirectoryWindow.h" />
		<Unit filename="src/kits/tracker/WidgetAttributeText.h" />
		<Unit filename="src/kits/translation/BitmapStream.h" />
		<Unit filename="src/kits/translation/FuncTranslator.h" />
		<Unit filename="src/kits/translation/TranslationDefs.h" />
		<Unit filename="src/kits/translation/TranslationErrors.h" />
		<Unit filename="src/kits/translation/TranslationUtils.h" />
		<Unit filename="src/kits/translation/Translator.h" />
		<Unit filename="src/kits/translation/TranslatorAddOn.h" />
		<Unit filename="src/kits/translation/TranslatorFormats.h" />
		<Unit filename="src/kits/translation/TranslatorRoster.h" />
		<Unit filename="src/kits/translation/TranslatorRosterPrivate.h" />
		<Unit filename="src/kits/xml/SimpleXmlParser.cpp" />
		<Unit filename="src/kits/xml/SimpleXmlParser.h" />
		<Extensions>
			<code_completion />
			<envvars />
			<debugger />
			<lib_finder disable_auto="1" />
		</Extensions>
	</Project>
</CodeBlocks_project_file>
