<?xml version="1.0" encoding="UTF-8" standalone="yes" ?>
<CodeBlocks_project_file>
	<FileVersion major="1" minor="6" />
	<Project>
		<Option title="BHAPI" />
		<Option pch_mode="2" />
		<Option compiler="clang" />
		<Build>
			<Target title="default">
				<Option output="BHAPI_DEV" prefix_auto="1" extension_auto="1" />
				<Option type="3" />
				<Option compiler="clang" />
				<Option createDefFile="1" />
				<Option createStaticLib="1" />
				<Compiler>
					<Add option="-Wall" />
					<Add option="-m32" />
					<Add option="-DBHAPI_OS_WIN32" />
					<Add directory="../../x86_libraries" />
					<Add directory="src" />
				</Compiler>
				<Linker>
					<Add option="-m32" />
				</Linker>
			</Target>
		</Build>
		<Compiler>
			<Add option="-DBUILDING_DLL=1" />
		</Compiler>
		<Unit filename="bhapi.cpp" />
		<Unit filename="bhapi.h" />
		<Unit filename="bhapi_global.h" />
		<Unit filename="src/AppKit.h" />
		<Unit filename="src/kits/BE.cpp" />
		<Unit filename="src/kits/BE.h" />
		<Unit filename="src/kits/InterfaceKit.h" />
		<Unit filename="src/kits/KernelKit.h" />
		<Unit filename="src/kits/NetKit.h" />
		<Unit filename="src/kits/RenderKit.h" />
		<Unit filename="src/kits/StorageKit.h" />
		<Unit filename="src/kits/SupportKit.h" />
		<Unit filename="src/kits/XmlKit.h" />
		<Unit filename="src/kits/add-ons/font/FontEngine.cpp" />
		<Unit filename="src/kits/add-ons/font/FontEngine.h" />
		<Unit filename="src/kits/add-ons/font/FreeType2.cpp" />
		<Unit filename="src/kits/add-ons/graphics/GraphicsEngine.cpp" />
		<Unit filename="src/kits/add-ons/graphics/GraphicsEngine.h" />
		<Unit filename="src/kits/add-ons/theme/DefaultTheme.cpp" />
		<Unit filename="src/kits/add-ons/theme/ThemeEngine.cpp" />
		<Unit filename="src/kits/add-ons/theme/ThemeEngine.h" />
		<Unit filename="src/kits/app/AppDefs.h" />
		<Unit filename="src/kits/app/Application.cpp" />
		<Unit filename="src/kits/app/Application.h" />
		<Unit filename="src/kits/app/Clipboard.cpp" />
		<Unit filename="src/kits/app/Clipboard.h" />
		<Unit filename="src/kits/app/Cursor.cpp" />
		<Unit filename="src/kits/app/Cursor.h" />
		<Unit filename="src/kits/app/Handler.cpp" />
		<Unit filename="src/kits/app/Handler.h" />
		<Unit filename="src/kits/app/Invoker.cpp" />
		<Unit filename="src/kits/app/Invoker.h" />
		<Unit filename="src/kits/app/Looper.cpp" />
		<Unit filename="src/kits/app/Looper.h" />
		<Unit filename="src/kits/app/Message.cpp" />
		<Unit filename="src/kits/app/Message.h" />
		<Unit filename="src/kits/app/MessageFilter.cpp" />
		<Unit filename="src/kits/app/MessageFilter.h" />
		<Unit filename="src/kits/app/MessageQueue.cpp" />
		<Unit filename="src/kits/app/MessageQueue.h" />
		<Unit filename="src/kits/app/MessageRunner.cpp" />
		<Unit filename="src/kits/app/MessageRunner.h" />
		<Unit filename="src/kits/app/Messenger.cpp" />
		<Unit filename="src/kits/app/Messenger.h" />
		<Unit filename="src/kits/interface/Alert.cpp" />
		<Unit filename="src/kits/interface/Alert.h" />
		<Unit filename="src/kits/interface/Bitmap.cpp" />
		<Unit filename="src/kits/interface/Bitmap.h" />
		<Unit filename="src/kits/interface/Box.cpp" />
		<Unit filename="src/kits/interface/Box.h" />
		<Unit filename="src/kits/interface/Button.cpp" />
		<Unit filename="src/kits/interface/Button.h" />
		<Unit filename="src/kits/interface/CheckBox.cpp" />
		<Unit filename="src/kits/interface/CheckBox.h" />
		<Unit filename="src/kits/interface/ColorControl.cpp" />
		<Unit filename="src/kits/interface/ColorControl.h" />
		<Unit filename="src/kits/interface/Control.cpp" />
		<Unit filename="src/kits/interface/Control.h" />
		<Unit filename="src/kits/interface/Font.cpp" />
		<Unit filename="src/kits/interface/Font.h" />
		<Unit filename="src/kits/interface/GraphicsDefs.cpp" />
		<Unit filename="src/kits/interface/GraphicsDefs.h" />
		<Unit filename="src/kits/interface/Input.h" />
		<Unit filename="src/kits/interface/InterfaceDefs.h" />
		<Unit filename="src/kits/interface/LimitedView.cpp" />
		<Unit filename="src/kits/interface/LimitedView.h" />
		<Unit filename="src/kits/interface/ListItem.cpp" />
		<Unit filename="src/kits/interface/ListItem.h" />
		<Unit filename="src/kits/interface/ListView.cpp" />
		<Unit filename="src/kits/interface/ListView.h" />
		<Unit filename="src/kits/interface/Menu.cpp" />
		<Unit filename="src/kits/interface/Menu.h" />
		<Unit filename="src/kits/interface/MenuBar.cpp" />
		<Unit filename="src/kits/interface/MenuBar.h" />
		<Unit filename="src/kits/interface/MenuField.cpp" />
		<Unit filename="src/kits/interface/MenuField.h" />
		<Unit filename="src/kits/interface/MenuItem.cpp" />
		<Unit filename="src/kits/interface/MenuItem.h" />
		<Unit filename="src/kits/interface/OutlineListView.cpp" />
		<Unit filename="src/kits/interface/OutlineListView.h" />
		<Unit filename="src/kits/interface/Point.cpp" />
		<Unit filename="src/kits/interface/Point.h" />
		<Unit filename="src/kits/interface/Polygon.cpp" />
		<Unit filename="src/kits/interface/Polygon.h" />
		<Unit filename="src/kits/interface/PopUpMenu.cpp" />
		<Unit filename="src/kits/interface/PopUpMenu.h" />
		<Unit filename="src/kits/interface/RadioButton.cpp" />
		<Unit filename="src/kits/interface/RadioButton.h" />
		<Unit filename="src/kits/interface/Rect.cpp" />
		<Unit filename="src/kits/interface/Rect.h" />
		<Unit filename="src/kits/interface/Region.cpp" />
		<Unit filename="src/kits/interface/Region.h" />
		<Unit filename="src/kits/interface/Screen.cpp" />
		<Unit filename="src/kits/interface/Screen.h" />
		<Unit filename="src/kits/interface/ScrollBar.cpp" />
		<Unit filename="src/kits/interface/ScrollBar.h" />
		<Unit filename="src/kits/interface/ScrollView.cpp" />
		<Unit filename="src/kits/interface/ScrollView.h" />
		<Unit filename="src/kits/interface/StatusBar.cpp" />
		<Unit filename="src/kits/interface/StatusBar.h" />
		<Unit filename="src/kits/interface/StringView.cpp" />
		<Unit filename="src/kits/interface/StringView.h" />
		<Unit filename="src/kits/interface/TabView.cpp" />
		<Unit filename="src/kits/interface/TabView.h" />
		<Unit filename="src/kits/interface/TextControl.cpp" />
		<Unit filename="src/kits/interface/TextControl.h" />
		<Unit filename="src/kits/interface/TextEditable.cpp" />
		<Unit filename="src/kits/interface/TextEditable.h" />
		<Unit filename="src/kits/interface/TextView.cpp" />
		<Unit filename="src/kits/interface/TextView.h" />
		<Unit filename="src/kits/interface/Theme.cpp" />
		<Unit filename="src/kits/interface/ToolTip.cpp" />
		<Unit filename="src/kits/interface/ToolTip.h" />
		<Unit filename="src/kits/interface/View.cpp" />
		<Unit filename="src/kits/interface/View.h" />
		<Unit filename="src/kits/interface/ViewPrivate.h" />
		<Unit filename="src/kits/interface/Window.cpp" />
		<Unit filename="src/kits/interface/Window.h" />
		<Unit filename="src/kits/interface/beos/etk-application.cpp" />
		<Unit filename="src/kits/interface/beos/etk-beos-font.cpp" />
		<Unit filename="src/kits/interface/beos/etk-beos-graphics.h" />
		<Unit filename="src/kits/interface/beos/etk-drawing.cpp" />
		<Unit filename="src/kits/interface/beos/etk-pixmap.cpp" />
		<Unit filename="src/kits/interface/beos/etk-window.cpp" />
		<Unit filename="src/kits/interface/carbon/etk-carbon.h" />
		<Unit filename="src/kits/interface/directfb/etk-application.cpp" />
		<Unit filename="src/kits/interface/directfb/etk-dfb-font.cpp" />
		<Unit filename="src/kits/interface/directfb/etk-dfb.h" />
		<Unit filename="src/kits/interface/directfb/etk-drawing.cpp" />
		<Unit filename="src/kits/interface/directfb/etk-pixmap.cpp" />
		<Unit filename="src/kits/interface/directfb/etk-window.cpp" />
		<Unit filename="src/kits/interface/directfb/etk-wm.cpp" />
		<Unit filename="src/kits/interface/layout/Layout.h" />
		<Unit filename="src/kits/interface/layout/LayoutContainer.cpp" />
		<Unit filename="src/kits/interface/layout/LayoutForm.cpp" />
		<Unit filename="src/kits/interface/layout/LayoutItem.cpp" />
		<Unit filename="src/kits/interface/win32/etk-application.cpp" />
		<Unit filename="src/kits/interface/win32/etk-drawing.cpp" />
		<Unit filename="src/kits/interface/win32/etk-pixmap.cpp" />
		<Unit filename="src/kits/interface/win32/etk-win32-font.cpp" />
		<Unit filename="src/kits/interface/win32/etk-win32gdi.h" />
		<Unit filename="src/kits/interface/win32/etk-window.cpp" />
		<Unit filename="src/kits/interface/wm/SimpleWM.cpp" />
		<Unit filename="src/kits/interface/wm/SimpleWM.h" />
		<Unit filename="src/kits/interface/x11/etk-application.cpp" />
		<Unit filename="src/kits/interface/x11/etk-drawing.cpp" />
		<Unit filename="src/kits/interface/x11/etk-pixmap.cpp" />
		<Unit filename="src/kits/interface/x11/etk-window.cpp" />
		<Unit filename="src/kits/interface/x11/etk-x11-font.cpp" />
		<Unit filename="src/kits/interface/x11/etk-x11.h" />
		<Unit filename="src/kits/kernel/Debug.cpp" />
		<Unit filename="src/kits/kernel/Debug.h" />
		<Unit filename="src/kits/kernel/Kernel.h" />
		<Unit filename="src/kits/kernel/OS.h" />
		<Unit filename="src/kits/kernel/beos/etk-area.cpp" />
		<Unit filename="src/kits/kernel/beos/etk-image.cpp" />
		<Unit filename="src/kits/kernel/beos/etk-os.cpp" />
		<Unit filename="src/kits/kernel/beos/etk-timefuncs.cpp" />
		<Unit filename="src/kits/kernel/etk-port.cpp" />
		<Unit filename="src/kits/kernel/thread/beos/etk-locker.cpp" />
		<Unit filename="src/kits/kernel/thread/beos/etk-semaphore.cpp" />
		<Unit filename="src/kits/kernel/thread/beos/etk-thread.cpp" />
		<Unit filename="src/kits/kernel/thread/posix/etk-locker.cpp" />
		<Unit filename="src/kits/kernel/thread/posix/etk-semaphore-mach.cpp" />
		<Unit filename="src/kits/kernel/thread/posix/etk-semaphore-umtx.cpp" />
		<Unit filename="src/kits/kernel/thread/posix/etk-semaphore.cpp" />
		<Unit filename="src/kits/kernel/thread/posix/etk-thread.cpp" />
		<Unit filename="src/kits/kernel/thread/win32/etk-locker.cpp" />
		<Unit filename="src/kits/kernel/thread/win32/etk-semaphore.cpp" />
		<Unit filename="src/kits/kernel/thread/win32/etk-thread.cpp" />
		<Unit filename="src/kits/kernel/unix/etk-area.cpp" />
		<Unit filename="src/kits/kernel/unix/etk-image.cpp" />
		<Unit filename="src/kits/kernel/unix/etk-os.cpp" />
		<Unit filename="src/kits/kernel/unix/etk-timefuncs.cpp" />
		<Unit filename="src/kits/kernel/win32/etk-area.cpp" />
		<Unit filename="src/kits/kernel/win32/etk-image.cpp" />
		<Unit filename="src/kits/kernel/win32/etk-os.cpp" />
		<Unit filename="src/kits/kernel/win32/etk-timefuncs.cpp" />
		<Unit filename="src/kits/net/NetAddress.cpp" />
		<Unit filename="src/kits/net/NetAddress.h" />
		<Unit filename="src/kits/net/NetBuffer.cpp" />
		<Unit filename="src/kits/net/NetBuffer.h" />
		<Unit filename="src/kits/net/NetDebug.cpp" />
		<Unit filename="src/kits/net/NetDebug.h" />
		<Unit filename="src/kits/net/NetEndpoint.cpp" />
		<Unit filename="src/kits/net/NetEndpoint.h" />
		<Unit filename="src/kits/private/Memory.cpp" />
		<Unit filename="src/kits/private/Memory.h" />
		<Unit filename="src/kits/private/MessageBody.cpp" />
		<Unit filename="src/kits/private/MessageBody.h" />
		<Unit filename="src/kits/private/Object.cpp" />
		<Unit filename="src/kits/private/Object.h" />
		<Unit filename="src/kits/private/PrivateApplication.cpp" />
		<Unit filename="src/kits/private/PrivateApplication.h" />
		<Unit filename="src/kits/private/PrivateHandler.cpp" />
		<Unit filename="src/kits/private/PrivateHandler.h" />
		<Unit filename="src/kits/private/StandardIO.cpp" />
		<Unit filename="src/kits/private/StandardIO.h" />
		<Unit filename="src/kits/private/Token.cpp" />
		<Unit filename="src/kits/private/Token.h" />
		<Unit filename="src/kits/render/ArcGenerator.cpp" />
		<Unit filename="src/kits/render/ArcGenerator.h" />
		<Unit filename="src/kits/render/LineGenerator.cpp" />
		<Unit filename="src/kits/render/LineGenerator.h" />
		<Unit filename="src/kits/render/Pixmap.cpp" />
		<Unit filename="src/kits/render/Pixmap.h" />
		<Unit filename="src/kits/render/Render.cpp" />
		<Unit filename="src/kits/render/Render.h" />
		<Unit filename="src/kits/storage/Directory.cpp" />
		<Unit filename="src/kits/storage/Directory.h" />
		<Unit filename="src/kits/storage/Entry.cpp" />
		<Unit filename="src/kits/storage/Entry.h" />
		<Unit filename="src/kits/storage/File.cpp" />
		<Unit filename="src/kits/storage/File.h" />
		<Unit filename="src/kits/storage/FilePanel.cpp" />
		<Unit filename="src/kits/storage/FilePanel.h" />
		<Unit filename="src/kits/storage/FindDirectory.cpp" />
		<Unit filename="src/kits/storage/FindDirectory.h" />
		<Unit filename="src/kits/storage/Node.cpp" />
		<Unit filename="src/kits/storage/Node.h" />
		<Unit filename="src/kits/storage/Path.cpp" />
		<Unit filename="src/kits/storage/Path.h" />
		<Unit filename="src/kits/storage/StorageDefs.h" />
		<Unit filename="src/kits/storage/Volume.cpp" />
		<Unit filename="src/kits/storage/Volume.h" />
		<Unit filename="src/kits/storage/VolumeRoster.cpp" />
		<Unit filename="src/kits/storage/VolumeRoster.h" />
		<Unit filename="src/kits/support/Archivable.cpp" />
		<Unit filename="src/kits/support/Archivable.h" />
		<Unit filename="src/kits/support/Autolock.h" />
		<Unit filename="src/kits/support/ByteOrder.c">
			<Option compilerVar="CC" />
		</Unit>
		<Unit filename="src/kits/support/ByteOrder.h" />
		<Unit filename="src/kits/support/ClassInfo.h" />
		<Unit filename="src/kits/support/DataIO.cpp" />
		<Unit filename="src/kits/support/DataIO.h" />
		<Unit filename="src/kits/support/Errors.h" />
		<Unit filename="src/kits/support/Flattenable.cpp" />
		<Unit filename="src/kits/support/Flattenable.h" />
		<Unit filename="src/kits/support/List.cpp" />
		<Unit filename="src/kits/support/List.h" />
		<Unit filename="src/kits/support/Locker.cpp" />
		<Unit filename="src/kits/support/Locker.h" />
		<Unit filename="src/kits/support/SimpleLocker.cpp" />
		<Unit filename="src/kits/support/SimpleLocker.h" />
		<Unit filename="src/kits/support/StreamIO.cpp" />
		<Unit filename="src/kits/support/StreamIO.h" />
		<Unit filename="src/kits/support/StringArray.cpp" />
		<Unit filename="src/kits/support/StringArray.h" />
		<Unit filename="src/kits/support/StringMe.cpp" />
		<Unit filename="src/kits/support/StringMe.h" />
		<Unit filename="src/kits/support/SupportDefs.h" />
		<Unit filename="src/kits/xml/SimpleXmlParser.cpp" />
		<Unit filename="src/kits/xml/SimpleXmlParser.h" />
		<Unit filename="tools/etkxx-doc.cpp" />
		<Extensions>
			<code_completion />
			<envvars />
			<debugger />
			<lib_finder disable_auto="1" />
		</Extensions>
	</Project>
</CodeBlocks_project_file>
